// !$*UTF8*$!
{
	archiveVersion = 1;
	classes = {
	};
	objectVersion = 46;
	objects = {

/* Begin PBXBuildFile section */
		D70C34E914E981BC0014407A /* ReactiveOverlayViewController.m in Sources */ = {isa = PBXBuildFile; fileRef = D70C34DF14E981BC0014407A /* ReactiveOverlayViewController.m */; };
		D70C34EA14E981BC0014407A /* SeasonHeaderView.m in Sources */ = {isa = PBXBuildFile; fileRef = D70C34E114E981BC0014407A /* SeasonHeaderView.m */; };
		D70C34EB14E981BC0014407A /* EpisodeTableViewCell.m in Sources */ = {isa = PBXBuildFile; fileRef = D70C34E314E981BC0014407A /* EpisodeTableViewCell.m */; };
		D70C34EC14E981BC0014407A /* MasterViewController.m in Sources */ = {isa = PBXBuildFile; fileRef = D70C34E514E981BC0014407A /* MasterViewController.m */; };
		D70C34ED14E981BC0014407A /* EpisodeViewController.m in Sources */ = {isa = PBXBuildFile; fileRef = D70C34E714E981BC0014407A /* EpisodeViewController.m */; };
		D70C34F614E982190014407A /* ReactiveOverlayViewController.xib in Resources */ = {isa = PBXBuildFile; fileRef = D70C34F214E982190014407A /* ReactiveOverlayViewController.xib */; };
		D70C34F714E982190014407A /* MasterViewController.xib in Resources */ = {isa = PBXBuildFile; fileRef = D70C34F314E982190014407A /* MasterViewController.xib */; };
		D70C34F814E982190014407A /* EpisodeViewController.xib in Resources */ = {isa = PBXBuildFile; fileRef = D70C34F414E982190014407A /* EpisodeViewController.xib */; };
		D70C34F914E982190014407A /* EpisodeTableViewCell.xib in Resources */ = {isa = PBXBuildFile; fileRef = D70C34F514E982190014407A /* EpisodeTableViewCell.xib */; };
		D70C350414E982340014407A /* Episode.m in Sources */ = {isa = PBXBuildFile; fileRef = D70C34FA14E982340014407A /* Episode.m */; };
		D70C350514E982340014407A /* Season.m in Sources */ = {isa = PBXBuildFile; fileRef = D70C34FC14E982340014407A /* Season.m */; };
		D70C350614E982340014407A /* Part.m in Sources */ = {isa = PBXBuildFile; fileRef = D70C34FE14E982340014407A /* Part.m */; };
		D70C350714E982340014407A /* PartView.m in Sources */ = {isa = PBXBuildFile; fileRef = D70C350014E982340014407A /* PartView.m */; };
		D70C350814E982340014407A /* Seeder.m in Sources */ = {isa = PBXBuildFile; fileRef = D70C350214E982340014407A /* Seeder.m */; };
		D70C350B14E982580014407A /* Ewert-Regular.ttf in Resources */ = {isa = PBXBuildFile; fileRef = D70C350914E982580014407A /* Ewert-Regular.ttf */; };
		D70C350C14E982580014407A /* AlikeAngular-Regular.ttf in Resources */ = {isa = PBXBuildFile; fileRef = D70C350A14E982580014407A /* AlikeAngular-Regular.ttf */; };
		D70C353814E9826E0014407A /* Default.png in Resources */ = {isa = PBXBuildFile; fileRef = D70C350D14E9826E0014407A /* Default.png */; };
		D70C353914E9826E0014407A /* Default copy.png in Resources */ = {isa = PBXBuildFile; fileRef = D70C350E14E9826E0014407A /* Default copy.png */; };
		D70C353A14E9826E0014407A /* Default@2x.png in Resources */ = {isa = PBXBuildFile; fileRef = D70C350F14E9826E0014407A /* Default@2x.png */; };
		D70C353B14E9826E0014407A /* Default@2x copy.png in Resources */ = {isa = PBXBuildFile; fileRef = D70C351014E9826E0014407A /* Default@2x copy.png */; };
		D70C353C14E9826E0014407A /* play.png in Resources */ = {isa = PBXBuildFile; fileRef = D70C351114E9826E0014407A /* play.png */; };
		D70C353D14E9826E0014407A /* play@2x.png in Resources */ = {isa = PBXBuildFile; fileRef = D70C351214E9826E0014407A /* play@2x.png */; };
		D70C353E14E9826E0014407A /* play-highlighted.png in Resources */ = {isa = PBXBuildFile; fileRef = D70C351314E9826E0014407A /* play-highlighted.png */; };
		D70C353F14E9826E0014407A /* play-highlighted@2x.png in Resources */ = {isa = PBXBuildFile; fileRef = D70C351414E9826E0014407A /* play-highlighted@2x.png */; };
		D70C354214E9826E0014407A /* paper.png in Resources */ = {isa = PBXBuildFile; fileRef = D70C351714E9826E0014407A /* paper.png */; };
		D70C354314E9826E0014407A /* paper@2x.png in Resources */ = {isa = PBXBuildFile; fileRef = D70C351814E9826E0014407A /* paper@2x.png */; };
		D70C354414E9826E0014407A /* checkbox-unchecked.png in Resources */ = {isa = PBXBuildFile; fileRef = D70C351914E9826E0014407A /* checkbox-unchecked.png */; };
		D70C354514E9826E0014407A /* checkbox-unchecked@2x.png in Resources */ = {isa = PBXBuildFile; fileRef = D70C351A14E9826E0014407A /* checkbox-unchecked@2x.png */; };
		D70C354614E9826E0014407A /* checkbox-checked@2x.png in Resources */ = {isa = PBXBuildFile; fileRef = D70C351B14E9826E0014407A /* checkbox-checked@2x.png */; };
		D70C354714E9826E0014407A /* checkbox-checked.png in Resources */ = {isa = PBXBuildFile; fileRef = D70C351C14E9826E0014407A /* checkbox-checked.png */; };
		D70C354814E9826E0014407A /* back_button.png in Resources */ = {isa = PBXBuildFile; fileRef = D70C351D14E9826E0014407A /* back_button.png */; };
		D70C354914E9826E0014407A /* back_button-highlighted.png in Resources */ = {isa = PBXBuildFile; fileRef = D70C351E14E9826E0014407A /* back_button-highlighted.png */; };
		D70C354A14E9826E0014407A /* back_button-highlighted@2x.png in Resources */ = {isa = PBXBuildFile; fileRef = D70C351F14E9826E0014407A /* back_button-highlighted@2x.png */; };
		D70C354B14E9826E0014407A /* back_button@2x.png in Resources */ = {isa = PBXBuildFile; fileRef = D70C352014E9826E0014407A /* back_button@2x.png */; };
		D70C354C14E9826E0014407A /* section_header_background.png in Resources */ = {isa = PBXBuildFile; fileRef = D70C352114E9826E0014407A /* section_header_background.png */; };
		D70C354D14E9826E0014407A /* section_header_background@2x.png in Resources */ = {isa = PBXBuildFile; fileRef = D70C352214E9826E0014407A /* section_header_background@2x.png */; };
		D70C354E14E9826E0014407A /* navbar_title.png in Resources */ = {isa = PBXBuildFile; fileRef = D70C352314E9826E0014407A /* navbar_title.png */; };
		D70C354F14E9826E0014407A /* navbar_title@2x.png in Resources */ = {isa = PBXBuildFile; fileRef = D70C352414E9826E0014407A /* navbar_title@2x.png */; };
		D70C355014E9826E0014407A /* navbar_background.png in Resources */ = {isa = PBXBuildFile; fileRef = D70C352514E9826E0014407A /* navbar_background.png */; };
		D70C355114E9826E0014407A /* navbar_background@2x.png in Resources */ = {isa = PBXBuildFile; fileRef = D70C352614E9826E0014407A /* navbar_background@2x.png */; };
		D70C355214E9826E0014407A /* tv_button_next-highlighted.png in Resources */ = {isa = PBXBuildFile; fileRef = D70C352714E9826E0014407A /* tv_button_next-highlighted.png */; };
		D70C355314E9826E0014407A /* tv_button_next-highlighted@2x.png in Resources */ = {isa = PBXBuildFile; fileRef = D70C352814E9826E0014407A /* tv_button_next-highlighted@2x.png */; };
		D70C355414E9826E0014407A /* tv_button_previous-highlighted.png in Resources */ = {isa = PBXBuildFile; fileRef = D70C352914E9826E0014407A /* tv_button_previous-highlighted.png */; };
		D70C355514E9826E0014407A /* tv_button_previous-highlighted@2x.png in Resources */ = {isa = PBXBuildFile; fileRef = D70C352A14E9826E0014407A /* tv_button_previous-highlighted@2x.png */; };
		D70C355614E9826E0014407A /* tv_button_previous.png in Resources */ = {isa = PBXBuildFile; fileRef = D70C352B14E9826E0014407A /* tv_button_previous.png */; };
		D70C355714E9826E0014407A /* tv_button_previous@2x.png in Resources */ = {isa = PBXBuildFile; fileRef = D70C352C14E9826E0014407A /* tv_button_previous@2x.png */; };
		D70C355814E9826E0014407A /* tv_button_next.png in Resources */ = {isa = PBXBuildFile; fileRef = D70C352D14E9826E0014407A /* tv_button_next.png */; };
		D70C355914E9826E0014407A /* tv_button_next@2x.png in Resources */ = {isa = PBXBuildFile; fileRef = D70C352E14E9826E0014407A /* tv_button_next@2x.png */; };
		D70C355A14E9826E0014407A /* wood.png in Resources */ = {isa = PBXBuildFile; fileRef = D70C352F14E9826E0014407A /* wood.png */; };
		D70C355B14E9826E0014407A /* wood@2x.png in Resources */ = {isa = PBXBuildFile; fileRef = D70C353014E9826E0014407A /* wood@2x.png */; };
		D70C355C14E9826E0014407A /* television@2x.png in Resources */ = {isa = PBXBuildFile; fileRef = D70C353114E9826E0014407A /* television@2x.png */; };
		D70C355D14E9826E0014407A /* television.png in Resources */ = {isa = PBXBuildFile; fileRef = D70C353214E9826E0014407A /* television.png */; };
		D70C355E14E9826E0014407A /* ep_number_back@2x.png in Resources */ = {isa = PBXBuildFile; fileRef = D70C353314E9826E0014407A /* ep_number_back@2x.png */; };
		D70C355F14E9826E0014407A /* ep_number_back.png in Resources */ = {isa = PBXBuildFile; fileRef = D70C353414E9826E0014407A /* ep_number_back.png */; };
		D70C356014E9826E0014407A /* cell_background.png in Resources */ = {isa = PBXBuildFile; fileRef = D70C353514E9826E0014407A /* cell_background.png */; };
		D70C356114E9826E0014407A /* cell_background@2x.png in Resources */ = {isa = PBXBuildFile; fileRef = D70C353614E9826E0014407A /* cell_background@2x.png */; };
		D70C356214E9826E0014407A /* wooden-panel.png in Resources */ = {isa = PBXBuildFile; fileRef = D70C353714E9826E0014407A /* wooden-panel.png */; };
		D70C356514E9827C0014407A /* links.xml in Resources */ = {isa = PBXBuildFile; fileRef = D70C356314E9827C0014407A /* links.xml */; };
		D70C356614E9827C0014407A /* info.xml in Resources */ = {isa = PBXBuildFile; fileRef = D70C356414E9827C0014407A /* info.xml */; };
		D70C356B14E982910014407A /* NSDate+StringValue.m in Sources */ = {isa = PBXBuildFile; fileRef = D70C356714E982910014407A /* NSDate+StringValue.m */; };
		D70C356C14E982910014407A /* UIView+SelfFromNib.m in Sources */ = {isa = PBXBuildFile; fileRef = D70C356914E982910014407A /* UIView+SelfFromNib.m */; };
		D70C358C14E982C00014407A /* CTidy.m in Sources */ = {isa = PBXBuildFile; fileRef = D70C357214E982C00014407A /* CTidy.m */; };
		D70C358D14E982C00014407A /* CXMLNode.m in Sources */ = {isa = PBXBuildFile; fileRef = D70C357314E982C00014407A /* CXMLNode.m */; };
		D70C358E14E982C00014407A /* CXMLNode_XPathExtensions.m in Sources */ = {isa = PBXBuildFile; fileRef = D70C357514E982C00014407A /* CXMLNode_XPathExtensions.m */; };
		D70C358F14E982C00014407A /* CXMLNode_PrivateExtensions.m in Sources */ = {isa = PBXBuildFile; fileRef = D70C357714E982C00014407A /* CXMLNode_PrivateExtensions.m */; };
		D70C359014E982C00014407A /* CXMLNamespaceNode.m in Sources */ = {isa = PBXBuildFile; fileRef = D70C357914E982C00014407A /* CXMLNamespaceNode.m */; };
		D70C359114E982C00014407A /* CXMLElement.m in Sources */ = {isa = PBXBuildFile; fileRef = D70C357B14E982C00014407A /* CXMLElement.m */; };
		D70C359214E982C00014407A /* CXMLElement_ElementTreeExtensions.m in Sources */ = {isa = PBXBuildFile; fileRef = D70C357D14E982C00014407A /* CXMLElement_ElementTreeExtensions.m */; };
		D70C359314E982C00014407A /* CXMLElement_CreationExtensions.m in Sources */ = {isa = PBXBuildFile; fileRef = D70C357F14E982C00014407A /* CXMLElement_CreationExtensions.m */; };
		D70C359414E982C00014407A /* CXMLDocument.m in Sources */ = {isa = PBXBuildFile; fileRef = D70C358114E982C00014407A /* CXMLDocument.m */; };
		D70C359514E982C00014407A /* CXMLDocument_PrivateExtensions.m in Sources */ = {isa = PBXBuildFile; fileRef = D70C358314E982C00014407A /* CXMLDocument_PrivateExtensions.m */; };
		D70C359614E982C00014407A /* CXHTMLDocument.m in Sources */ = {isa = PBXBuildFile; fileRef = D70C358514E982C00014407A /* CXHTMLDocument.m */; };
		D70C359714E982C00014407A /* CXMLDocument_CreationExtensions.m in Sources */ = {isa = PBXBuildFile; fileRef = D70C358914E982C00014407A /* CXMLDocument_CreationExtensions.m */; };
		D70C359814E982C00014407A /* CXMLNode_CreationExtensions.m in Sources */ = {isa = PBXBuildFile; fileRef = D70C358B14E982C00014407A /* CXMLNode_CreationExtensions.m */; };
		D70C35B014E982D00014407A /* AFHTTPClient.m in Sources */ = {isa = PBXBuildFile; fileRef = D70C359B14E982D00014407A /* AFHTTPClient.m */; settings = {COMPILER_FLAGS = "-fno-objc-arc"; }; };
		D70C35B114E982D00014407A /* AFHTTPRequestOperation.m in Sources */ = {isa = PBXBuildFile; fileRef = D70C359D14E982D00014407A /* AFHTTPRequestOperation.m */; settings = {COMPILER_FLAGS = "-fno-objc-arc"; }; };
		D70C35B214E982D00014407A /* AFImageCache.m in Sources */ = {isa = PBXBuildFile; fileRef = D70C359F14E982D00014407A /* AFImageCache.m */; settings = {COMPILER_FLAGS = "-fno-objc-arc"; }; };
		D70C35B314E982D00014407A /* AFImageRequestOperation.m in Sources */ = {isa = PBXBuildFile; fileRef = D70C35A114E982D00014407A /* AFImageRequestOperation.m */; settings = {COMPILER_FLAGS = "-fno-objc-arc"; }; };
		D70C35B414E982D00014407A /* AFJSONRequestOperation.m in Sources */ = {isa = PBXBuildFile; fileRef = D70C35A314E982D00014407A /* AFJSONRequestOperation.m */; settings = {COMPILER_FLAGS = "-fno-objc-arc"; }; };
		D70C35B514E982D00014407A /* AFNetworkActivityIndicatorManager.m in Sources */ = {isa = PBXBuildFile; fileRef = D70C35A614E982D00014407A /* AFNetworkActivityIndicatorManager.m */; settings = {COMPILER_FLAGS = "-fno-objc-arc"; }; };
		D70C35B614E982D00014407A /* AFPropertyListRequestOperation.m in Sources */ = {isa = PBXBuildFile; fileRef = D70C35A914E982D00014407A /* AFPropertyListRequestOperation.m */; settings = {COMPILER_FLAGS = "-fno-objc-arc"; }; };
		D70C35B714E982D00014407A /* AFURLConnectionOperation.m in Sources */ = {isa = PBXBuildFile; fileRef = D70C35AB14E982D00014407A /* AFURLConnectionOperation.m */; settings = {COMPILER_FLAGS = "-fno-objc-arc"; }; };
		D70C35B814E982D00014407A /* AFXMLRequestOperation.m in Sources */ = {isa = PBXBuildFile; fileRef = D70C35AD14E982D00014407A /* AFXMLRequestOperation.m */; settings = {COMPILER_FLAGS = "-fno-objc-arc"; }; };
		D70C35B914E982D00014407A /* UIImageView+AFNetworking.m in Sources */ = {isa = PBXBuildFile; fileRef = D70C35AF14E982D00014407A /* UIImageView+AFNetworking.m */; settings = {COMPILER_FLAGS = "-fno-objc-arc"; }; };
		D70C35C414E98A320014407A /* FlyingCircus.xcdatamodeld in Sources */ = {isa = PBXBuildFile; fileRef = D70C35C214E98A320014407A /* FlyingCircus.xcdatamodeld */; };
		D71828A014E30EF700B2242F /* UIKit.framework in Frameworks */ = {isa = PBXBuildFile; fileRef = D718289F14E30EF700B2242F /* UIKit.framework */; };
		D71828A214E30EF700B2242F /* Foundation.framework in Frameworks */ = {isa = PBXBuildFile; fileRef = D71828A114E30EF700B2242F /* Foundation.framework */; };
		D71828A414E30EF700B2242F /* CoreGraphics.framework in Frameworks */ = {isa = PBXBuildFile; fileRef = D71828A314E30EF700B2242F /* CoreGraphics.framework */; };
		D71828A614E30EF700B2242F /* CoreData.framework in Frameworks */ = {isa = PBXBuildFile; fileRef = D71828A514E30EF700B2242F /* CoreData.framework */; };
		D71828AC14E30EF700B2242F /* InfoPlist.strings in Resources */ = {isa = PBXBuildFile; fileRef = D71828AA14E30EF700B2242F /* InfoPlist.strings */; };
		D71828AE14E30EF700B2242F /* main.m in Sources */ = {isa = PBXBuildFile; fileRef = D71828AD14E30EF700B2242F /* main.m */; };
		D71828B214E30EF800B2242F /* AppDelegate.m in Sources */ = {isa = PBXBuildFile; fileRef = D71828B114E30EF800B2242F /* AppDelegate.m */; };
		D7F5C61914EAC6BA0052FD01 /* Reachability.m in Sources */ = {isa = PBXBuildFile; fileRef = D7F5C61714EAC6BA0052FD01 /* Reachability.m */; settings = {COMPILER_FLAGS = "-fno-objc-arc"; }; };
		D7F5C61B14EAC6D90052FD01 /* SystemConfiguration.framework in Frameworks */ = {isa = PBXBuildFile; fileRef = D7F5C61A14EAC6D90052FD01 /* SystemConfiguration.framework */; };
		D7F5C61E14EAD3460052FD01 /* Icon.png in Resources */ = {isa = PBXBuildFile; fileRef = D7F5C61C14EAD3460052FD01 /* Icon.png */; };
		D7F5C61F14EAD3460052FD01 /* Icon@2x.png in Resources */ = {isa = PBXBuildFile; fileRef = D7F5C61D14EAD3460052FD01 /* Icon@2x.png */; };
/* End PBXBuildFile section */

/* Begin PBXFileReference section */
		D70C34DF14E981BC0014407A /* ReactiveOverlayViewController.m */ = {isa = PBXFileReference; fileEncoding = 4; lastKnownFileType = sourcecode.c.objc; name = ReactiveOverlayViewController.m; path = Controller/ReactiveOverlayViewController.m; sourceTree = "<group>"; };
		D70C34E014E981BC0014407A /* ReactiveOverlayViewController.h */ = {isa = PBXFileReference; fileEncoding = 4; lastKnownFileType = sourcecode.c.h; name = ReactiveOverlayViewController.h; path = Controller/ReactiveOverlayViewController.h; sourceTree = "<group>"; };
		D70C34E114E981BC0014407A /* SeasonHeaderView.m */ = {isa = PBXFileReference; fileEncoding = 4; lastKnownFileType = sourcecode.c.objc; name = SeasonHeaderView.m; path = Controller/SeasonHeaderView.m; sourceTree = "<group>"; };
		D70C34E214E981BC0014407A /* SeasonHeaderView.h */ = {isa = PBXFileReference; fileEncoding = 4; lastKnownFileType = sourcecode.c.h; name = SeasonHeaderView.h; path = Controller/SeasonHeaderView.h; sourceTree = "<group>"; };
		D70C34E314E981BC0014407A /* EpisodeTableViewCell.m */ = {isa = PBXFileReference; fileEncoding = 4; lastKnownFileType = sourcecode.c.objc; name = EpisodeTableViewCell.m; path = Controller/EpisodeTableViewCell.m; sourceTree = "<group>"; };
		D70C34E414E981BC0014407A /* EpisodeTableViewCell.h */ = {isa = PBXFileReference; fileEncoding = 4; lastKnownFileType = sourcecode.c.h; name = EpisodeTableViewCell.h; path = Controller/EpisodeTableViewCell.h; sourceTree = "<group>"; };
		D70C34E514E981BC0014407A /* MasterViewController.m */ = {isa = PBXFileReference; fileEncoding = 4; lastKnownFileType = sourcecode.c.objc; name = MasterViewController.m; path = Controller/MasterViewController.m; sourceTree = "<group>"; };
		D70C34E614E981BC0014407A /* MasterViewController.h */ = {isa = PBXFileReference; fileEncoding = 4; lastKnownFileType = sourcecode.c.h; name = MasterViewController.h; path = Controller/MasterViewController.h; sourceTree = "<group>"; };
		D70C34E714E981BC0014407A /* EpisodeViewController.m */ = {isa = PBXFileReference; fileEncoding = 4; lastKnownFileType = sourcecode.c.objc; name = EpisodeViewController.m; path = Controller/EpisodeViewController.m; sourceTree = "<group>"; };
		D70C34E814E981BC0014407A /* EpisodeViewController.h */ = {isa = PBXFileReference; fileEncoding = 4; lastKnownFileType = sourcecode.c.h; name = EpisodeViewController.h; path = Controller/EpisodeViewController.h; sourceTree = "<group>"; };
		D70C34F214E982190014407A /* ReactiveOverlayViewController.xib */ = {isa = PBXFileReference; fileEncoding = 4; lastKnownFileType = file.xib; name = ReactiveOverlayViewController.xib; path = View/ReactiveOverlayViewController.xib; sourceTree = "<group>"; };
		D70C34F314E982190014407A /* MasterViewController.xib */ = {isa = PBXFileReference; fileEncoding = 4; lastKnownFileType = file.xib; name = MasterViewController.xib; path = View/MasterViewController.xib; sourceTree = "<group>"; };
		D70C34F414E982190014407A /* EpisodeViewController.xib */ = {isa = PBXFileReference; fileEncoding = 4; lastKnownFileType = file.xib; name = EpisodeViewController.xib; path = View/EpisodeViewController.xib; sourceTree = "<group>"; };
		D70C34F514E982190014407A /* EpisodeTableViewCell.xib */ = {isa = PBXFileReference; fileEncoding = 4; lastKnownFileType = file.xib; name = EpisodeTableViewCell.xib; path = View/EpisodeTableViewCell.xib; sourceTree = "<group>"; };
		D70C34FA14E982340014407A /* Episode.m */ = {isa = PBXFileReference; fileEncoding = 4; lastKnownFileType = sourcecode.c.objc; name = Episode.m; path = Model/Episode.m; sourceTree = "<group>"; };
		D70C34FB14E982340014407A /* Episode.h */ = {isa = PBXFileReference; fileEncoding = 4; lastKnownFileType = sourcecode.c.h; name = Episode.h; path = Model/Episode.h; sourceTree = "<group>"; };
		D70C34FC14E982340014407A /* Season.m */ = {isa = PBXFileReference; fileEncoding = 4; lastKnownFileType = sourcecode.c.objc; name = Season.m; path = Model/Season.m; sourceTree = "<group>"; };
		D70C34FD14E982340014407A /* Season.h */ = {isa = PBXFileReference; fileEncoding = 4; lastKnownFileType = sourcecode.c.h; name = Season.h; path = Model/Season.h; sourceTree = "<group>"; };
		D70C34FE14E982340014407A /* Part.m */ = {isa = PBXFileReference; fileEncoding = 4; lastKnownFileType = sourcecode.c.objc; name = Part.m; path = Model/Part.m; sourceTree = "<group>"; };
		D70C34FF14E982340014407A /* Part.h */ = {isa = PBXFileReference; fileEncoding = 4; lastKnownFileType = sourcecode.c.h; name = Part.h; path = Model/Part.h; sourceTree = "<group>"; };
		D70C350014E982340014407A /* PartView.m */ = {isa = PBXFileReference; fileEncoding = 4; lastKnownFileType = sourcecode.c.objc; name = PartView.m; path = Model/PartView.m; sourceTree = "<group>"; };
		D70C350114E982340014407A /* PartView.h */ = {isa = PBXFileReference; fileEncoding = 4; lastKnownFileType = sourcecode.c.h; name = PartView.h; path = Model/PartView.h; sourceTree = "<group>"; };
		D70C350214E982340014407A /* Seeder.m */ = {isa = PBXFileReference; fileEncoding = 4; lastKnownFileType = sourcecode.c.objc; name = Seeder.m; path = Model/Seeder.m; sourceTree = "<group>"; };
		D70C350314E982340014407A /* Seeder.h */ = {isa = PBXFileReference; fileEncoding = 4; lastKnownFileType = sourcecode.c.h; name = Seeder.h; path = Model/Seeder.h; sourceTree = "<group>"; };
		D70C350914E982580014407A /* Ewert-Regular.ttf */ = {isa = PBXFileReference; lastKnownFileType = file; name = "Ewert-Regular.ttf"; path = "Resources/Fonts/Ewert-Regular.ttf"; sourceTree = "<group>"; };
		D70C350A14E982580014407A /* AlikeAngular-Regular.ttf */ = {isa = PBXFileReference; lastKnownFileType = file; name = "AlikeAngular-Regular.ttf"; path = "Resources/Fonts/AlikeAngular-Regular.ttf"; sourceTree = "<group>"; };
		D70C350D14E9826E0014407A /* Default.png */ = {isa = PBXFileReference; lastKnownFileType = image.png; name = Default.png; path = Resources/images/Default.png; sourceTree = "<group>"; };
		D70C350E14E9826E0014407A /* Default copy.png */ = {isa = PBXFileReference; lastKnownFileType = image.png; name = "Default copy.png"; path = "Resources/images/Default copy.png"; sourceTree = "<group>"; };
		D70C350F14E9826E0014407A /* Default@2x.png */ = {isa = PBXFileReference; lastKnownFileType = image.png; name = "Default@2x.png"; path = "Resources/images/Default@2x.png"; sourceTree = "<group>"; };
		D70C351014E9826E0014407A /* Default@2x copy.png */ = {isa = PBXFileReference; lastKnownFileType = image.png; name = "Default@2x copy.png"; path = "Resources/images/Default@2x copy.png"; sourceTree = "<group>"; };
		D70C351114E9826E0014407A /* play.png */ = {isa = PBXFileReference; lastKnownFileType = image.png; name = play.png; path = Resources/images/play.png; sourceTree = "<group>"; };
		D70C351214E9826E0014407A /* play@2x.png */ = {isa = PBXFileReference; lastKnownFileType = image.png; name = "play@2x.png"; path = "Resources/images/play@2x.png"; sourceTree = "<group>"; };
		D70C351314E9826E0014407A /* play-highlighted.png */ = {isa = PBXFileReference; lastKnownFileType = image.png; name = "play-highlighted.png"; path = "Resources/images/play-highlighted.png"; sourceTree = "<group>"; };
		D70C351414E9826E0014407A /* play-highlighted@2x.png */ = {isa = PBXFileReference; lastKnownFileType = image.png; name = "play-highlighted@2x.png"; path = "Resources/images/play-highlighted@2x.png"; sourceTree = "<group>"; };
		D70C351714E9826E0014407A /* paper.png */ = {isa = PBXFileReference; lastKnownFileType = image.png; name = paper.png; path = Resources/images/paper.png; sourceTree = "<group>"; };
		D70C351814E9826E0014407A /* paper@2x.png */ = {isa = PBXFileReference; lastKnownFileType = image.png; name = "paper@2x.png"; path = "Resources/images/paper@2x.png"; sourceTree = "<group>"; };
		D70C351914E9826E0014407A /* checkbox-unchecked.png */ = {isa = PBXFileReference; lastKnownFileType = image.png; name = "checkbox-unchecked.png"; path = "Resources/images/checkbox-unchecked.png"; sourceTree = "<group>"; };
		D70C351A14E9826E0014407A /* checkbox-unchecked@2x.png */ = {isa = PBXFileReference; lastKnownFileType = image.png; name = "checkbox-unchecked@2x.png"; path = "Resources/images/checkbox-unchecked@2x.png"; sourceTree = "<group>"; };
		D70C351B14E9826E0014407A /* checkbox-checked@2x.png */ = {isa = PBXFileReference; lastKnownFileType = image.png; name = "checkbox-checked@2x.png"; path = "Resources/images/checkbox-checked@2x.png"; sourceTree = "<group>"; };
		D70C351C14E9826E0014407A /* checkbox-checked.png */ = {isa = PBXFileReference; lastKnownFileType = image.png; name = "checkbox-checked.png"; path = "Resources/images/checkbox-checked.png"; sourceTree = "<group>"; };
		D70C351D14E9826E0014407A /* back_button.png */ = {isa = PBXFileReference; lastKnownFileType = image.png; name = back_button.png; path = Resources/images/back_button.png; sourceTree = "<group>"; };
		D70C351E14E9826E0014407A /* back_button-highlighted.png */ = {isa = PBXFileReference; lastKnownFileType = image.png; name = "back_button-highlighted.png"; path = "Resources/images/back_button-highlighted.png"; sourceTree = "<group>"; };
		D70C351F14E9826E0014407A /* back_button-highlighted@2x.png */ = {isa = PBXFileReference; lastKnownFileType = image.png; name = "back_button-highlighted@2x.png"; path = "Resources/images/back_button-highlighted@2x.png"; sourceTree = "<group>"; };
		D70C352014E9826E0014407A /* back_button@2x.png */ = {isa = PBXFileReference; lastKnownFileType = image.png; name = "back_button@2x.png"; path = "Resources/images/back_button@2x.png"; sourceTree = "<group>"; };
		D70C352114E9826E0014407A /* section_header_background.png */ = {isa = PBXFileReference; lastKnownFileType = image.png; name = section_header_background.png; path = Resources/images/section_header_background.png; sourceTree = "<group>"; };
		D70C352214E9826E0014407A /* section_header_background@2x.png */ = {isa = PBXFileReference; lastKnownFileType = image.png; name = "section_header_background@2x.png"; path = "Resources/images/section_header_background@2x.png"; sourceTree = "<group>"; };
		D70C352314E9826E0014407A /* navbar_title.png */ = {isa = PBXFileReference; lastKnownFileType = image.png; name = navbar_title.png; path = Resources/images/navbar_title.png; sourceTree = "<group>"; };
		D70C352414E9826E0014407A /* navbar_title@2x.png */ = {isa = PBXFileReference; lastKnownFileType = image.png; name = "navbar_title@2x.png"; path = "Resources/images/navbar_title@2x.png"; sourceTree = "<group>"; };
		D70C352514E9826E0014407A /* navbar_background.png */ = {isa = PBXFileReference; lastKnownFileType = image.png; name = navbar_background.png; path = Resources/images/navbar_background.png; sourceTree = "<group>"; };
		D70C352614E9826E0014407A /* navbar_background@2x.png */ = {isa = PBXFileReference; lastKnownFileType = image.png; name = "navbar_background@2x.png"; path = "Resources/images/navbar_background@2x.png"; sourceTree = "<group>"; };
		D70C352714E9826E0014407A /* tv_button_next-highlighted.png */ = {isa = PBXFileReference; lastKnownFileType = image.png; name = "tv_button_next-highlighted.png"; path = "Resources/images/tv_button_next-highlighted.png"; sourceTree = "<group>"; };
		D70C352814E9826E0014407A /* tv_button_next-highlighted@2x.png */ = {isa = PBXFileReference; lastKnownFileType = image.png; name = "tv_button_next-highlighted@2x.png"; path = "Resources/images/tv_button_next-highlighted@2x.png"; sourceTree = "<group>"; };
		D70C352914E9826E0014407A /* tv_button_previous-highlighted.png */ = {isa = PBXFileReference; lastKnownFileType = image.png; name = "tv_button_previous-highlighted.png"; path = "Resources/images/tv_button_previous-highlighted.png"; sourceTree = "<group>"; };
		D70C352A14E9826E0014407A /* tv_button_previous-highlighted@2x.png */ = {isa = PBXFileReference; lastKnownFileType = image.png; name = "tv_button_previous-highlighted@2x.png"; path = "Resources/images/tv_button_previous-highlighted@2x.png"; sourceTree = "<group>"; };
		D70C352B14E9826E0014407A /* tv_button_previous.png */ = {isa = PBXFileReference; lastKnownFileType = image.png; name = tv_button_previous.png; path = Resources/images/tv_button_previous.png; sourceTree = "<group>"; };
		D70C352C14E9826E0014407A /* tv_button_previous@2x.png */ = {isa = PBXFileReference; lastKnownFileType = image.png; name = "tv_button_previous@2x.png"; path = "Resources/images/tv_button_previous@2x.png"; sourceTree = "<group>"; };
		D70C352D14E9826E0014407A /* tv_button_next.png */ = {isa = PBXFileReference; lastKnownFileType = image.png; name = tv_button_next.png; path = Resources/images/tv_button_next.png; sourceTree = "<group>"; };
		D70C352E14E9826E0014407A /* tv_button_next@2x.png */ = {isa = PBXFileReference; lastKnownFileType = image.png; name = "tv_button_next@2x.png"; path = "Resources/images/tv_button_next@2x.png"; sourceTree = "<group>"; };
		D70C352F14E9826E0014407A /* wood.png */ = {isa = PBXFileReference; lastKnownFileType = image.png; name = wood.png; path = Resources/images/wood.png; sourceTree = "<group>"; };
		D70C353014E9826E0014407A /* wood@2x.png */ = {isa = PBXFileReference; lastKnownFileType = image.png; name = "wood@2x.png"; path = "Resources/images/wood@2x.png"; sourceTree = "<group>"; };
		D70C353114E9826E0014407A /* television@2x.png */ = {isa = PBXFileReference; lastKnownFileType = image.png; name = "television@2x.png"; path = "Resources/images/television@2x.png"; sourceTree = "<group>"; };
		D70C353214E9826E0014407A /* television.png */ = {isa = PBXFileReference; lastKnownFileType = image.png; name = television.png; path = Resources/images/television.png; sourceTree = "<group>"; };
		D70C353314E9826E0014407A /* ep_number_back@2x.png */ = {isa = PBXFileReference; lastKnownFileType = image.png; name = "ep_number_back@2x.png"; path = "Resources/images/ep_number_back@2x.png"; sourceTree = "<group>"; };
		D70C353414E9826E0014407A /* ep_number_back.png */ = {isa = PBXFileReference; lastKnownFileType = image.png; name = ep_number_back.png; path = Resources/images/ep_number_back.png; sourceTree = "<group>"; };
		D70C353514E9826E0014407A /* cell_background.png */ = {isa = PBXFileReference; lastKnownFileType = image.png; name = cell_background.png; path = Resources/images/cell_background.png; sourceTree = "<group>"; };
		D70C353614E9826E0014407A /* cell_background@2x.png */ = {isa = PBXFileReference; lastKnownFileType = image.png; name = "cell_background@2x.png"; path = "Resources/images/cell_background@2x.png"; sourceTree = "<group>"; };
		D70C353714E9826E0014407A /* wooden-panel.png */ = {isa = PBXFileReference; lastKnownFileType = image.png; name = "wooden-panel.png"; path = "Resources/images/wooden-panel.png"; sourceTree = "<group>"; };
		D70C356314E9827C0014407A /* links.xml */ = {isa = PBXFileReference; fileEncoding = 4; lastKnownFileType = text.xml; name = links.xml; path = Resources/Data/links.xml; sourceTree = "<group>"; };
		D70C356414E9827C0014407A /* info.xml */ = {isa = PBXFileReference; fileEncoding = 4; lastKnownFileType = text.xml; name = info.xml; path = Resources/Data/info.xml; sourceTree = "<group>"; };
		D70C356714E982910014407A /* NSDate+StringValue.m */ = {isa = PBXFileReference; fileEncoding = 4; lastKnownFileType = sourcecode.c.objc; name = "NSDate+StringValue.m"; path = "Categories/NSDate+StringValue.m"; sourceTree = "<group>"; };
		D70C356814E982910014407A /* NSDate+StringValue.h */ = {isa = PBXFileReference; fileEncoding = 4; lastKnownFileType = sourcecode.c.h; name = "NSDate+StringValue.h"; path = "Categories/NSDate+StringValue.h"; sourceTree = "<group>"; };
		D70C356914E982910014407A /* UIView+SelfFromNib.m */ = {isa = PBXFileReference; fileEncoding = 4; lastKnownFileType = sourcecode.c.objc; name = "UIView+SelfFromNib.m"; path = "Categories/UIView+SelfFromNib.m"; sourceTree = "<group>"; };
		D70C356A14E982910014407A /* UIView+SelfFromNib.h */ = {isa = PBXFileReference; fileEncoding = 4; lastKnownFileType = sourcecode.c.h; name = "UIView+SelfFromNib.h"; path = "Categories/UIView+SelfFromNib.h"; sourceTree = "<group>"; };
		D70C356D14E982A00014407A /* iSizes.h */ = {isa = PBXFileReference; fileEncoding = 4; lastKnownFileType = sourcecode.c.h; name = iSizes.h; path = Utilities/iSizes.h; sourceTree = "<group>"; };
		D70C356E14E982A00014407A /* Constants.h */ = {isa = PBXFileReference; fileEncoding = 4; lastKnownFileType = sourcecode.c.h; name = Constants.h; path = Utilities/Constants.h; sourceTree = "<group>"; };
		D70C356F14E982C00014407A /* TouchXML.h */ = {isa = PBXFileReference; fileEncoding = 4; lastKnownFileType = sourcecode.c.h; name = TouchXML.h; path = Libraries/TouchXML/TouchXML.h; sourceTree = SOURCE_ROOT; };
		D70C357114E982C00014407A /* CTidy.h */ = {isa = PBXFileReference; fileEncoding = 4; lastKnownFileType = sourcecode.c.h; path = CTidy.h; sourceTree = "<group>"; };
		D70C357214E982C00014407A /* CTidy.m */ = {isa = PBXFileReference; fileEncoding = 4; lastKnownFileType = sourcecode.c.objc; path = CTidy.m; sourceTree = "<group>"; };
		D70C357314E982C00014407A /* CXMLNode.m */ = {isa = PBXFileReference; fileEncoding = 4; lastKnownFileType = sourcecode.c.objc; name = CXMLNode.m; path = Libraries/TouchXML/CXMLNode.m; sourceTree = SOURCE_ROOT; };
		D70C357414E982C00014407A /* CXMLNode.h */ = {isa = PBXFileReference; fileEncoding = 4; lastKnownFileType = sourcecode.c.h; name = CXMLNode.h; path = Libraries/TouchXML/CXMLNode.h; sourceTree = SOURCE_ROOT; };
		D70C357514E982C00014407A /* CXMLNode_XPathExtensions.m */ = {isa = PBXFileReference; fileEncoding = 4; lastKnownFileType = sourcecode.c.objc; name = CXMLNode_XPathExtensions.m; path = Libraries/TouchXML/CXMLNode_XPathExtensions.m; sourceTree = SOURCE_ROOT; };
		D70C357614E982C00014407A /* CXMLNode_XPathExtensions.h */ = {isa = PBXFileReference; fileEncoding = 4; lastKnownFileType = sourcecode.c.h; name = CXMLNode_XPathExtensions.h; path = Libraries/TouchXML/CXMLNode_XPathExtensions.h; sourceTree = SOURCE_ROOT; };
		D70C357714E982C00014407A /* CXMLNode_PrivateExtensions.m */ = {isa = PBXFileReference; fileEncoding = 4; lastKnownFileType = sourcecode.c.objc; name = CXMLNode_PrivateExtensions.m; path = Libraries/TouchXML/CXMLNode_PrivateExtensions.m; sourceTree = SOURCE_ROOT; };
		D70C357814E982C00014407A /* CXMLNode_PrivateExtensions.h */ = {isa = PBXFileReference; fileEncoding = 4; lastKnownFileType = sourcecode.c.h; name = CXMLNode_PrivateExtensions.h; path = Libraries/TouchXML/CXMLNode_PrivateExtensions.h; sourceTree = SOURCE_ROOT; };
		D70C357914E982C00014407A /* CXMLNamespaceNode.m */ = {isa = PBXFileReference; fileEncoding = 4; lastKnownFileType = sourcecode.c.objc; name = CXMLNamespaceNode.m; path = Libraries/TouchXML/CXMLNamespaceNode.m; sourceTree = SOURCE_ROOT; };
		D70C357A14E982C00014407A /* CXMLNamespaceNode.h */ = {isa = PBXFileReference; fileEncoding = 4; lastKnownFileType = sourcecode.c.h; name = CXMLNamespaceNode.h; path = Libraries/TouchXML/CXMLNamespaceNode.h; sourceTree = SOURCE_ROOT; };
		D70C357B14E982C00014407A /* CXMLElement.m */ = {isa = PBXFileReference; fileEncoding = 4; lastKnownFileType = sourcecode.c.objc; name = CXMLElement.m; path = Libraries/TouchXML/CXMLElement.m; sourceTree = SOURCE_ROOT; };
		D70C357C14E982C00014407A /* CXMLElement.h */ = {isa = PBXFileReference; fileEncoding = 4; lastKnownFileType = sourcecode.c.h; name = CXMLElement.h; path = Libraries/TouchXML/CXMLElement.h; sourceTree = SOURCE_ROOT; };
		D70C357D14E982C00014407A /* CXMLElement_ElementTreeExtensions.m */ = {isa = PBXFileReference; fileEncoding = 4; lastKnownFileType = sourcecode.c.objc; name = CXMLElement_ElementTreeExtensions.m; path = Libraries/TouchXML/CXMLElement_ElementTreeExtensions.m; sourceTree = SOURCE_ROOT; };
		D70C357E14E982C00014407A /* CXMLElement_ElementTreeExtensions.h */ = {isa = PBXFileReference; fileEncoding = 4; lastKnownFileType = sourcecode.c.h; name = CXMLElement_ElementTreeExtensions.h; path = Libraries/TouchXML/CXMLElement_ElementTreeExtensions.h; sourceTree = SOURCE_ROOT; };
		D70C357F14E982C00014407A /* CXMLElement_CreationExtensions.m */ = {isa = PBXFileReference; fileEncoding = 4; lastKnownFileType = sourcecode.c.objc; name = CXMLElement_CreationExtensions.m; path = Libraries/TouchXML/CXMLElement_CreationExtensions.m; sourceTree = SOURCE_ROOT; };
		D70C358014E982C00014407A /* CXMLElement_CreationExtensions.h */ = {isa = PBXFileReference; fileEncoding = 4; lastKnownFileType = sourcecode.c.h; name = CXMLElement_CreationExtensions.h; path = Libraries/TouchXML/CXMLElement_CreationExtensions.h; sourceTree = SOURCE_ROOT; };
		D70C358114E982C00014407A /* CXMLDocument.m */ = {isa = PBXFileReference; fileEncoding = 4; lastKnownFileType = sourcecode.c.objc; name = CXMLDocument.m; path = Libraries/TouchXML/CXMLDocument.m; sourceTree = SOURCE_ROOT; };
		D70C358214E982C00014407A /* CXMLDocument.h */ = {isa = PBXFileReference; fileEncoding = 4; lastKnownFileType = sourcecode.c.h; name = CXMLDocument.h; path = Libraries/TouchXML/CXMLDocument.h; sourceTree = SOURCE_ROOT; };
		D70C358314E982C00014407A /* CXMLDocument_PrivateExtensions.m */ = {isa = PBXFileReference; fileEncoding = 4; lastKnownFileType = sourcecode.c.objc; name = CXMLDocument_PrivateExtensions.m; path = Libraries/TouchXML/CXMLDocument_PrivateExtensions.m; sourceTree = SOURCE_ROOT; };
		D70C358414E982C00014407A /* CXMLDocument_PrivateExtensions.h */ = {isa = PBXFileReference; fileEncoding = 4; lastKnownFileType = sourcecode.c.h; name = CXMLDocument_PrivateExtensions.h; path = Libraries/TouchXML/CXMLDocument_PrivateExtensions.h; sourceTree = SOURCE_ROOT; };
		D70C358514E982C00014407A /* CXHTMLDocument.m */ = {isa = PBXFileReference; fileEncoding = 4; lastKnownFileType = sourcecode.c.objc; name = CXHTMLDocument.m; path = Libraries/TouchXML/CXHTMLDocument.m; sourceTree = SOURCE_ROOT; };
		D70C358614E982C00014407A /* CXHTMLDocument.h */ = {isa = PBXFileReference; fileEncoding = 4; lastKnownFileType = sourcecode.c.h; name = CXHTMLDocument.h; path = Libraries/TouchXML/CXHTMLDocument.h; sourceTree = SOURCE_ROOT; };
		D70C358814E982C00014407A /* CXMLDocument_CreationExtensions.h */ = {isa = PBXFileReference; fileEncoding = 4; lastKnownFileType = sourcecode.c.h; path = CXMLDocument_CreationExtensions.h; sourceTree = "<group>"; };
		D70C358914E982C00014407A /* CXMLDocument_CreationExtensions.m */ = {isa = PBXFileReference; fileEncoding = 4; lastKnownFileType = sourcecode.c.objc; path = CXMLDocument_CreationExtensions.m; sourceTree = "<group>"; };
		D70C358A14E982C00014407A /* CXMLNode_CreationExtensions.h */ = {isa = PBXFileReference; fileEncoding = 4; lastKnownFileType = sourcecode.c.h; path = CXMLNode_CreationExtensions.h; sourceTree = "<group>"; };
		D70C358B14E982C00014407A /* CXMLNode_CreationExtensions.m */ = {isa = PBXFileReference; fileEncoding = 4; lastKnownFileType = sourcecode.c.objc; path = CXMLNode_CreationExtensions.m; sourceTree = "<group>"; };
		D70C359A14E982D00014407A /* AFHTTPClient.h */ = {isa = PBXFileReference; fileEncoding = 4; lastKnownFileType = sourcecode.c.h; path = AFHTTPClient.h; sourceTree = "<group>"; };
		D70C359B14E982D00014407A /* AFHTTPClient.m */ = {isa = PBXFileReference; fileEncoding = 4; lastKnownFileType = sourcecode.c.objc; path = AFHTTPClient.m; sourceTree = "<group>"; };
		D70C359C14E982D00014407A /* AFHTTPRequestOperation.h */ = {isa = PBXFileReference; fileEncoding = 4; lastKnownFileType = sourcecode.c.h; path = AFHTTPRequestOperation.h; sourceTree = "<group>"; };
		D70C359D14E982D00014407A /* AFHTTPRequestOperation.m */ = {isa = PBXFileReference; fileEncoding = 4; lastKnownFileType = sourcecode.c.objc; path = AFHTTPRequestOperation.m; sourceTree = "<group>"; };
		D70C359E14E982D00014407A /* AFImageCache.h */ = {isa = PBXFileReference; fileEncoding = 4; lastKnownFileType = sourcecode.c.h; path = AFImageCache.h; sourceTree = "<group>"; };
		D70C359F14E982D00014407A /* AFImageCache.m */ = {isa = PBXFileReference; fileEncoding = 4; lastKnownFileType = sourcecode.c.objc; path = AFImageCache.m; sourceTree = "<group>"; };
		D70C35A014E982D00014407A /* AFImageRequestOperation.h */ = {isa = PBXFileReference; fileEncoding = 4; lastKnownFileType = sourcecode.c.h; path = AFImageRequestOperation.h; sourceTree = "<group>"; };
		D70C35A114E982D00014407A /* AFImageRequestOperation.m */ = {isa = PBXFileReference; fileEncoding = 4; lastKnownFileType = sourcecode.c.objc; path = AFImageRequestOperation.m; sourceTree = "<group>"; };
		D70C35A214E982D00014407A /* AFJSONRequestOperation.h */ = {isa = PBXFileReference; fileEncoding = 4; lastKnownFileType = sourcecode.c.h; path = AFJSONRequestOperation.h; sourceTree = "<group>"; };
		D70C35A314E982D00014407A /* AFJSONRequestOperation.m */ = {isa = PBXFileReference; fileEncoding = 4; lastKnownFileType = sourcecode.c.objc; path = AFJSONRequestOperation.m; sourceTree = "<group>"; };
		D70C35A414E982D00014407A /* AFJSONUtilities.h */ = {isa = PBXFileReference; fileEncoding = 4; lastKnownFileType = sourcecode.c.h; path = AFJSONUtilities.h; sourceTree = "<group>"; };
		D70C35A514E982D00014407A /* AFNetworkActivityIndicatorManager.h */ = {isa = PBXFileReference; fileEncoding = 4; lastKnownFileType = sourcecode.c.h; path = AFNetworkActivityIndicatorManager.h; sourceTree = "<group>"; };
		D70C35A614E982D00014407A /* AFNetworkActivityIndicatorManager.m */ = {isa = PBXFileReference; fileEncoding = 4; lastKnownFileType = sourcecode.c.objc; path = AFNetworkActivityIndicatorManager.m; sourceTree = "<group>"; };
		D70C35A714E982D00014407A /* AFNetworking.h */ = {isa = PBXFileReference; fileEncoding = 4; lastKnownFileType = sourcecode.c.h; path = AFNetworking.h; sourceTree = "<group>"; };
		D70C35A814E982D00014407A /* AFPropertyListRequestOperation.h */ = {isa = PBXFileReference; fileEncoding = 4; lastKnownFileType = sourcecode.c.h; path = AFPropertyListRequestOperation.h; sourceTree = "<group>"; };
		D70C35A914E982D00014407A /* AFPropertyListRequestOperation.m */ = {isa = PBXFileReference; fileEncoding = 4; lastKnownFileType = sourcecode.c.objc; path = AFPropertyListRequestOperation.m; sourceTree = "<group>"; };
		D70C35AA14E982D00014407A /* AFURLConnectionOperation.h */ = {isa = PBXFileReference; fileEncoding = 4; lastKnownFileType = sourcecode.c.h; path = AFURLConnectionOperation.h; sourceTree = "<group>"; };
		D70C35AB14E982D00014407A /* AFURLConnectionOperation.m */ = {isa = PBXFileReference; fileEncoding = 4; lastKnownFileType = sourcecode.c.objc; path = AFURLConnectionOperation.m; sourceTree = "<group>"; };
		D70C35AC14E982D00014407A /* AFXMLRequestOperation.h */ = {isa = PBXFileReference; fileEncoding = 4; lastKnownFileType = sourcecode.c.h; path = AFXMLRequestOperation.h; sourceTree = "<group>"; };
		D70C35AD14E982D00014407A /* AFXMLRequestOperation.m */ = {isa = PBXFileReference; fileEncoding = 4; lastKnownFileType = sourcecode.c.objc; path = AFXMLRequestOperation.m; sourceTree = "<group>"; };
		D70C35AE14E982D00014407A /* UIImageView+AFNetworking.h */ = {isa = PBXFileReference; fileEncoding = 4; lastKnownFileType = sourcecode.c.h; path = "UIImageView+AFNetworking.h"; sourceTree = "<group>"; };
		D70C35AF14E982D00014407A /* UIImageView+AFNetworking.m */ = {isa = PBXFileReference; fileEncoding = 4; lastKnownFileType = sourcecode.c.objc; path = "UIImageView+AFNetworking.m"; sourceTree = "<group>"; };
		D70C35C314E98A320014407A /* FlyingCircus.xcdatamodel */ = {isa = PBXFileReference; lastKnownFileType = wrapper.xcdatamodel; path = FlyingCircus.xcdatamodel; sourceTree = "<group>"; };
		D718289B14E30EF700B2242F /* Flying Circus Player.app */ = {isa = PBXFileReference; explicitFileType = wrapper.application; includeInIndex = 0; path = "Flying Circus Player.app"; sourceTree = BUILT_PRODUCTS_DIR; };
		D718289F14E30EF700B2242F /* UIKit.framework */ = {isa = PBXFileReference; lastKnownFileType = wrapper.framework; name = UIKit.framework; path = System/Library/Frameworks/UIKit.framework; sourceTree = SDKROOT; };
		D71828A114E30EF700B2242F /* Foundation.framework */ = {isa = PBXFileReference; lastKnownFileType = wrapper.framework; name = Foundation.framework; path = System/Library/Frameworks/Foundation.framework; sourceTree = SDKROOT; };
		D71828A314E30EF700B2242F /* CoreGraphics.framework */ = {isa = PBXFileReference; lastKnownFileType = wrapper.framework; name = CoreGraphics.framework; path = System/Library/Frameworks/CoreGraphics.framework; sourceTree = SDKROOT; };
		D71828A514E30EF700B2242F /* CoreData.framework */ = {isa = PBXFileReference; lastKnownFileType = wrapper.framework; name = CoreData.framework; path = System/Library/Frameworks/CoreData.framework; sourceTree = SDKROOT; };
		D71828A914E30EF700B2242F /* Flying Circus Player-Info.plist */ = {isa = PBXFileReference; lastKnownFileType = text.plist.xml; path = "Flying Circus Player-Info.plist"; sourceTree = "<group>"; };
		D71828AB14E30EF700B2242F /* en */ = {isa = PBXFileReference; lastKnownFileType = text.plist.strings; name = en; path = en.lproj/InfoPlist.strings; sourceTree = "<group>"; };
		D71828AD14E30EF700B2242F /* main.m */ = {isa = PBXFileReference; lastKnownFileType = sourcecode.c.objc; path = main.m; sourceTree = "<group>"; };
		D71828AF14E30EF700B2242F /* Flying Circus Player-Prefix.pch */ = {isa = PBXFileReference; lastKnownFileType = sourcecode.c.h; path = "Flying Circus Player-Prefix.pch"; sourceTree = "<group>"; };
		D71828B014E30EF800B2242F /* AppDelegate.h */ = {isa = PBXFileReference; lastKnownFileType = sourcecode.c.h; path = AppDelegate.h; sourceTree = "<group>"; };
		D71828B114E30EF800B2242F /* AppDelegate.m */ = {isa = PBXFileReference; lastKnownFileType = sourcecode.c.objc; path = AppDelegate.m; sourceTree = "<group>"; };
		D7DFF8C614E909980044C23E /* Imports.h */ = {isa = PBXFileReference; fileEncoding = 4; lastKnownFileType = sourcecode.c.h; path = Imports.h; sourceTree = "<group>"; };
		D7F5C61714EAC6BA0052FD01 /* Reachability.m */ = {isa = PBXFileReference; fileEncoding = 4; lastKnownFileType = sourcecode.c.objc; path = Reachability.m; sourceTree = "<group>"; };
		D7F5C61814EAC6BA0052FD01 /* Reachability.h */ = {isa = PBXFileReference; fileEncoding = 4; lastKnownFileType = sourcecode.c.h; path = Reachability.h; sourceTree = "<group>"; };
		D7F5C61A14EAC6D90052FD01 /* SystemConfiguration.framework */ = {isa = PBXFileReference; lastKnownFileType = wrapper.framework; name = SystemConfiguration.framework; path = System/Library/Frameworks/SystemConfiguration.framework; sourceTree = SDKROOT; };
		D7F5C61C14EAD3460052FD01 /* Icon.png */ = {isa = PBXFileReference; lastKnownFileType = image.png; name = Icon.png; path = Resources/images/Icon.png; sourceTree = "<group>"; };
		D7F5C61D14EAD3460052FD01 /* Icon@2x.png */ = {isa = PBXFileReference; lastKnownFileType = image.png; name = "Icon@2x.png"; path = "Resources/images/Icon@2x.png"; sourceTree = "<group>"; };
/* End PBXFileReference section */

/* Begin PBXFrameworksBuildPhase section */
		D718289814E30EF700B2242F /* Frameworks */ = {
			isa = PBXFrameworksBuildPhase;
			buildActionMask = 2147483647;
			files = (
				D7F5C61B14EAC6D90052FD01 /* SystemConfiguration.framework in Frameworks */,
				D71828A014E30EF700B2242F /* UIKit.framework in Frameworks */,
				D71828A214E30EF700B2242F /* Foundation.framework in Frameworks */,
				D71828A414E30EF700B2242F /* CoreGraphics.framework in Frameworks */,
				D71828A614E30EF700B2242F /* CoreData.framework in Frameworks */,
			);
			runOnlyForDeploymentPostprocessing = 0;
		};
/* End PBXFrameworksBuildPhase section */

/* Begin PBXGroup section */
		D70C357014E982C00014407A /* Tidy */ = {
			isa = PBXGroup;
			children = (
				D70C357114E982C00014407A /* CTidy.h */,
				D70C357214E982C00014407A /* CTidy.m */,
			);
			name = Tidy;
			path = Libraries/TouchXML/Tidy;
			sourceTree = SOURCE_ROOT;
		};
		D70C358714E982C00014407A /* Creation */ = {
			isa = PBXGroup;
			children = (
				D70C358814E982C00014407A /* CXMLDocument_CreationExtensions.h */,
				D70C358914E982C00014407A /* CXMLDocument_CreationExtensions.m */,
				D70C358A14E982C00014407A /* CXMLNode_CreationExtensions.h */,
				D70C358B14E982C00014407A /* CXMLNode_CreationExtensions.m */,
			);
			name = Creation;
			path = Libraries/TouchXML/Creation;
			sourceTree = SOURCE_ROOT;
		};
		D70C359914E982D00014407A /* AFNetworking */ = {
			isa = PBXGroup;
			children = (
				D70C359A14E982D00014407A /* AFHTTPClient.h */,
				D70C359B14E982D00014407A /* AFHTTPClient.m */,
				D70C359C14E982D00014407A /* AFHTTPRequestOperation.h */,
				D70C359D14E982D00014407A /* AFHTTPRequestOperation.m */,
				D70C359E14E982D00014407A /* AFImageCache.h */,
				D70C359F14E982D00014407A /* AFImageCache.m */,
				D70C35A014E982D00014407A /* AFImageRequestOperation.h */,
				D70C35A114E982D00014407A /* AFImageRequestOperation.m */,
				D70C35A214E982D00014407A /* AFJSONRequestOperation.h */,
				D70C35A314E982D00014407A /* AFJSONRequestOperation.m */,
				D70C35A414E982D00014407A /* AFJSONUtilities.h */,
				D70C35A514E982D00014407A /* AFNetworkActivityIndicatorManager.h */,
				D70C35A614E982D00014407A /* AFNetworkActivityIndicatorManager.m */,
				D70C35A714E982D00014407A /* AFNetworking.h */,
				D70C35A814E982D00014407A /* AFPropertyListRequestOperation.h */,
				D70C35A914E982D00014407A /* AFPropertyListRequestOperation.m */,
				D70C35AA14E982D00014407A /* AFURLConnectionOperation.h */,
				D70C35AB14E982D00014407A /* AFURLConnectionOperation.m */,
				D70C35AC14E982D00014407A /* AFXMLRequestOperation.h */,
				D70C35AD14E982D00014407A /* AFXMLRequestOperation.m */,
				D70C35AE14E982D00014407A /* UIImageView+AFNetworking.h */,
				D70C35AF14E982D00014407A /* UIImageView+AFNetworking.m */,
			);
			name = AFNetworking;
			path = Libraries/AFNetworking;
			sourceTree = "<group>";
		};
		D718289014E30EF700B2242F = {
			isa = PBXGroup;
			children = (
				D7DFF8C414E907A90044C23E /* Utilities */,
				D7D18F8414E5E87800CAFCBE /* Categories */,
				D7D18F5F14E5811600CAFCBE /* Libraries */,
				D7D18F2214E430C400CAFCBE /* Resources */,
				D71828C914E30F1400B2242F /* Controller */,
				D71828C814E30F0E00B2242F /* View */,
				D71828C714E30F0200B2242F /* Model */,
				D71828A714E30EF700B2242F /* FlyingCircus */,
				D718289E14E30EF700B2242F /* Frameworks */,
				D718289C14E30EF700B2242F /* Products */,
			);
			sourceTree = "<group>";
		};
		D718289C14E30EF700B2242F /* Products */ = {
			isa = PBXGroup;
			children = (
				D718289B14E30EF700B2242F /* Flying Circus Player.app */,
			);
			name = Products;
			sourceTree = "<group>";
		};
		D718289E14E30EF700B2242F /* Frameworks */ = {
			isa = PBXGroup;
			children = (
				D7F5C61A14EAC6D90052FD01 /* SystemConfiguration.framework */,
				D718289F14E30EF700B2242F /* UIKit.framework */,
				D71828A114E30EF700B2242F /* Foundation.framework */,
				D71828A314E30EF700B2242F /* CoreGraphics.framework */,
				D71828A514E30EF700B2242F /* CoreData.framework */,
			);
			name = Frameworks;
			sourceTree = "<group>";
		};
		D71828A714E30EF700B2242F /* FlyingCircus */ = {
			isa = PBXGroup;
			children = (
				D70C35C214E98A320014407A /* FlyingCircus.xcdatamodeld */,
				D7DFF8C614E909980044C23E /* Imports.h */,
				D71828B014E30EF800B2242F /* AppDelegate.h */,
				D71828B114E30EF800B2242F /* AppDelegate.m */,
				D71828A814E30EF700B2242F /* Supporting Files */,
			);
			path = FlyingCircus;
			sourceTree = "<group>";
		};
		D71828A814E30EF700B2242F /* Supporting Files */ = {
			isa = PBXGroup;
			children = (
				D71828A914E30EF700B2242F /* Flying Circus Player-Info.plist */,
				D71828AA14E30EF700B2242F /* InfoPlist.strings */,
				D71828AD14E30EF700B2242F /* main.m */,
				D71828AF14E30EF700B2242F /* Flying Circus Player-Prefix.pch */,
			);
			name = "Supporting Files";
			sourceTree = "<group>";
		};
		D71828C714E30F0200B2242F /* Model */ = {
			isa = PBXGroup;
			children = (
				D70C34FA14E982340014407A /* Episode.m */,
				D70C34FB14E982340014407A /* Episode.h */,
				D70C34FC14E982340014407A /* Season.m */,
				D70C34FD14E982340014407A /* Season.h */,
				D70C34FE14E982340014407A /* Part.m */,
				D70C34FF14E982340014407A /* Part.h */,
				D70C350214E982340014407A /* Seeder.m */,
				D70C350314E982340014407A /* Seeder.h */,
			);
			name = Model;
			sourceTree = "<group>";
		};
		D71828C814E30F0E00B2242F /* View */ = {
			isa = PBXGroup;
			children = (
				D70C34F214E982190014407A /* ReactiveOverlayViewController.xib */,
				D70C34F314E982190014407A /* MasterViewController.xib */,
				D70C34F414E982190014407A /* EpisodeViewController.xib */,
				D70C34F514E982190014407A /* EpisodeTableViewCell.xib */,
			);
			name = View;
			sourceTree = "<group>";
		};
		D71828C914E30F1400B2242F /* Controller */ = {
			isa = PBXGroup;
			children = (
				D70C350014E982340014407A /* PartView.m */,
				D70C350114E982340014407A /* PartView.h */,
				D70C34DF14E981BC0014407A /* ReactiveOverlayViewController.m */,
				D70C34E014E981BC0014407A /* ReactiveOverlayViewController.h */,
				D70C34E114E981BC0014407A /* SeasonHeaderView.m */,
				D70C34E214E981BC0014407A /* SeasonHeaderView.h */,
				D70C34E314E981BC0014407A /* EpisodeTableViewCell.m */,
				D70C34E414E981BC0014407A /* EpisodeTableViewCell.h */,
				D70C34E514E981BC0014407A /* MasterViewController.m */,
				D70C34E614E981BC0014407A /* MasterViewController.h */,
				D70C34E714E981BC0014407A /* EpisodeViewController.m */,
				D70C34E814E981BC0014407A /* EpisodeViewController.h */,
			);
			name = Controller;
			sourceTree = "<group>";
		};
		D7666AF114E816740088F672 /* TouchXML */ = {
			isa = PBXGroup;
			children = (
				D70C356F14E982C00014407A /* TouchXML.h */,
				D70C357014E982C00014407A /* Tidy */,
				D70C357314E982C00014407A /* CXMLNode.m */,
				D70C357414E982C00014407A /* CXMLNode.h */,
				D70C357514E982C00014407A /* CXMLNode_XPathExtensions.m */,
				D70C357614E982C00014407A /* CXMLNode_XPathExtensions.h */,
				D70C357714E982C00014407A /* CXMLNode_PrivateExtensions.m */,
				D70C357814E982C00014407A /* CXMLNode_PrivateExtensions.h */,
				D70C357914E982C00014407A /* CXMLNamespaceNode.m */,
				D70C357A14E982C00014407A /* CXMLNamespaceNode.h */,
				D70C357B14E982C00014407A /* CXMLElement.m */,
				D70C357C14E982C00014407A /* CXMLElement.h */,
				D70C357D14E982C00014407A /* CXMLElement_ElementTreeExtensions.m */,
				D70C357E14E982C00014407A /* CXMLElement_ElementTreeExtensions.h */,
				D70C357F14E982C00014407A /* CXMLElement_CreationExtensions.m */,
				D70C358014E982C00014407A /* CXMLElement_CreationExtensions.h */,
				D70C358114E982C00014407A /* CXMLDocument.m */,
				D70C358214E982C00014407A /* CXMLDocument.h */,
				D70C358314E982C00014407A /* CXMLDocument_PrivateExtensions.m */,
				D70C358414E982C00014407A /* CXMLDocument_PrivateExtensions.h */,
				D70C358514E982C00014407A /* CXHTMLDocument.m */,
				D70C358614E982C00014407A /* CXHTMLDocument.h */,
				D70C358714E982C00014407A /* Creation */,
			);
			name = TouchXML;
			path = Source;
			sourceTree = "<group>";
		};
		D7666B1C14E816DD0088F672 /* Data */ = {
			isa = PBXGroup;
			children = (
				D70C356314E9827C0014407A /* links.xml */,
				D70C356414E9827C0014407A /* info.xml */,
			);
			name = Data;
			sourceTree = "<group>";
		};
		D7D18F2214E430C400CAFCBE /* Resources */ = {
			isa = PBXGroup;
			children = (
				D7666B1C14E816DD0088F672 /* Data */,
				D7D18F2414E430D700CAFCBE /* Images */,
				D7D18F2314E430CF00CAFCBE /* Fonts */,
			);
			name = Resources;
			sourceTree = "<group>";
		};
		D7D18F2314E430CF00CAFCBE /* Fonts */ = {
			isa = PBXGroup;
			children = (
				D70C350914E982580014407A /* Ewert-Regular.ttf */,
				D70C350A14E982580014407A /* AlikeAngular-Regular.ttf */,
			);
			name = Fonts;
			sourceTree = "<group>";
		};
		D7D18F2414E430D700CAFCBE /* Images */ = {
			isa = PBXGroup;
			children = (
				D70C350D14E9826E0014407A /* Default.png */,
				D70C350E14E9826E0014407A /* Default copy.png */,
				D70C350F14E9826E0014407A /* Default@2x.png */,
				D70C351014E9826E0014407A /* Default@2x copy.png */,
				D70C351114E9826E0014407A /* play.png */,
				D70C351214E9826E0014407A /* play@2x.png */,
				D70C351314E9826E0014407A /* play-highlighted.png */,
				D70C351414E9826E0014407A /* play-highlighted@2x.png */,
				D70C351714E9826E0014407A /* paper.png */,
				D70C351814E9826E0014407A /* paper@2x.png */,
				D7F5C61C14EAD3460052FD01 /* Icon.png */,
				D7F5C61D14EAD3460052FD01 /* Icon@2x.png */,
				D70C351914E9826E0014407A /* checkbox-unchecked.png */,
				D70C351A14E9826E0014407A /* checkbox-unchecked@2x.png */,
				D70C351B14E9826E0014407A /* checkbox-checked@2x.png */,
				D70C351C14E9826E0014407A /* checkbox-checked.png */,
				D70C351D14E9826E0014407A /* back_button.png */,
				D70C351E14E9826E0014407A /* back_button-highlighted.png */,
				D70C351F14E9826E0014407A /* back_button-highlighted@2x.png */,
				D70C352014E9826E0014407A /* back_button@2x.png */,
				D70C352114E9826E0014407A /* section_header_background.png */,
				D70C352214E9826E0014407A /* section_header_background@2x.png */,
				D70C352314E9826E0014407A /* navbar_title.png */,
				D70C352414E9826E0014407A /* navbar_title@2x.png */,
				D70C352514E9826E0014407A /* navbar_background.png */,
				D70C352614E9826E0014407A /* navbar_background@2x.png */,
				D70C352714E9826E0014407A /* tv_button_next-highlighted.png */,
				D70C352814E9826E0014407A /* tv_button_next-highlighted@2x.png */,
				D70C352914E9826E0014407A /* tv_button_previous-highlighted.png */,
				D70C352A14E9826E0014407A /* tv_button_previous-highlighted@2x.png */,
				D70C352B14E9826E0014407A /* tv_button_previous.png */,
				D70C352C14E9826E0014407A /* tv_button_previous@2x.png */,
				D70C352D14E9826E0014407A /* tv_button_next.png */,
				D70C352E14E9826E0014407A /* tv_button_next@2x.png */,
				D70C352F14E9826E0014407A /* wood.png */,
				D70C353014E9826E0014407A /* wood@2x.png */,
				D70C353114E9826E0014407A /* television@2x.png */,
				D70C353214E9826E0014407A /* television.png */,
				D70C353314E9826E0014407A /* ep_number_back@2x.png */,
				D70C353414E9826E0014407A /* ep_number_back.png */,
				D70C353514E9826E0014407A /* cell_background.png */,
				D70C353614E9826E0014407A /* cell_background@2x.png */,
				D70C353714E9826E0014407A /* wooden-panel.png */,
			);
			name = Images;
			sourceTree = "<group>";
		};
		D7D18F5F14E5811600CAFCBE /* Libraries */ = {
			isa = PBXGroup;
			children = (
				D7F5C61614EAC6930052FD01 /* Reachability */,
				D70C359914E982D00014407A /* AFNetworking */,
				D7666AF114E816740088F672 /* TouchXML */,
			);
			name = Libraries;
			sourceTree = "<group>";
		};
		D7D18F8414E5E87800CAFCBE /* Categories */ = {
			isa = PBXGroup;
			children = (
				D70C356714E982910014407A /* NSDate+StringValue.m */,
				D70C356814E982910014407A /* NSDate+StringValue.h */,
				D70C356914E982910014407A /* UIView+SelfFromNib.m */,
				D70C356A14E982910014407A /* UIView+SelfFromNib.h */,
			);
			name = Categories;
			sourceTree = "<group>";
		};
		D7DFF8C414E907A90044C23E /* Utilities */ = {
			isa = PBXGroup;
			children = (
				D70C356D14E982A00014407A /* iSizes.h */,
				D70C356E14E982A00014407A /* Constants.h */,
			);
			name = Utilities;
			sourceTree = "<group>";
		};
		D7F5C61614EAC6930052FD01 /* Reachability */ = {
			isa = PBXGroup;
			children = (
				D7F5C61714EAC6BA0052FD01 /* Reachability.m */,
				D7F5C61814EAC6BA0052FD01 /* Reachability.h */,
			);
			name = Reachability;
			sourceTree = "<group>";
		};
/* End PBXGroup section */

/* Begin PBXNativeTarget section */
		D718289A14E30EF700B2242F /* Flying Circus Player */ = {
			isa = PBXNativeTarget;
			buildConfigurationList = D71828C414E30EF800B2242F /* Build configuration list for PBXNativeTarget "Flying Circus Player" */;
			buildPhases = (
				D718289714E30EF700B2242F /* Sources */,
				D718289814E30EF700B2242F /* Frameworks */,
				D718289914E30EF700B2242F /* Resources */,
			);
			buildRules = (
			);
			dependencies = (
			);
			name = "Flying Circus Player";
			productName = FlyingCircus;
			productReference = D718289B14E30EF700B2242F /* Flying Circus Player.app */;
			productType = "com.apple.product-type.application";
		};
/* End PBXNativeTarget section */

/* Begin PBXProject section */
		D718289214E30EF700B2242F /* Project object */ = {
			isa = PBXProject;
			attributes = {
				LastUpgradeCheck = 0420;
				ORGANIZATIONNAME = "Università degli studi di Padova";
			};
			buildConfigurationList = D718289514E30EF700B2242F /* Build configuration list for PBXProject "Flying Circus Player" */;
			compatibilityVersion = "Xcode 3.2";
			developmentRegion = English;
			hasScannedForEncodings = 0;
			knownRegions = (
				en,
			);
			mainGroup = D718289014E30EF700B2242F;
			productRefGroup = D718289C14E30EF700B2242F /* Products */;
			projectDirPath = "";
			projectRoot = "";
			targets = (
				D718289A14E30EF700B2242F /* Flying Circus Player */,
			);
		};
/* End PBXProject section */

/* Begin PBXResourcesBuildPhase section */
		D718289914E30EF700B2242F /* Resources */ = {
			isa = PBXResourcesBuildPhase;
			buildActionMask = 2147483647;
			files = (
				D71828AC14E30EF700B2242F /* InfoPlist.strings in Resources */,
				D70C34F614E982190014407A /* ReactiveOverlayViewController.xib in Resources */,
				D70C34F714E982190014407A /* MasterViewController.xib in Resources */,
				D70C34F814E982190014407A /* EpisodeViewController.xib in Resources */,
				D70C34F914E982190014407A /* EpisodeTableViewCell.xib in Resources */,
				D70C350B14E982580014407A /* Ewert-Regular.ttf in Resources */,
				D70C350C14E982580014407A /* AlikeAngular-Regular.ttf in Resources */,
				D70C353814E9826E0014407A /* Default.png in Resources */,
				D70C353914E9826E0014407A /* Default copy.png in Resources */,
				D70C353A14E9826E0014407A /* Default@2x.png in Resources */,
				D70C353B14E9826E0014407A /* Default@2x copy.png in Resources */,
				D70C353C14E9826E0014407A /* play.png in Resources */,
				D70C353D14E9826E0014407A /* play@2x.png in Resources */,
				D70C353E14E9826E0014407A /* play-highlighted.png in Resources */,
				D70C353F14E9826E0014407A /* play-highlighted@2x.png in Resources */,
				D70C354214E9826E0014407A /* paper.png in Resources */,
				D70C354314E9826E0014407A /* paper@2x.png in Resources */,
				D70C354414E9826E0014407A /* checkbox-unchecked.png in Resources */,
				D70C354514E9826E0014407A /* checkbox-unchecked@2x.png in Resources */,
				D70C354614E9826E0014407A /* checkbox-checked@2x.png in Resources */,
				D70C354714E9826E0014407A /* checkbox-checked.png in Resources */,
				D70C354814E9826E0014407A /* back_button.png in Resources */,
				D70C354914E9826E0014407A /* back_button-highlighted.png in Resources */,
				D70C354A14E9826E0014407A /* back_button-highlighted@2x.png in Resources */,
				D70C354B14E9826E0014407A /* back_button@2x.png in Resources */,
				D70C354C14E9826E0014407A /* section_header_background.png in Resources */,
				D70C354D14E9826E0014407A /* section_header_background@2x.png in Resources */,
				D70C354E14E9826E0014407A /* navbar_title.png in Resources */,
				D70C354F14E9826E0014407A /* navbar_title@2x.png in Resources */,
				D70C355014E9826E0014407A /* navbar_background.png in Resources */,
				D70C355114E9826E0014407A /* navbar_background@2x.png in Resources */,
				D70C355214E9826E0014407A /* tv_button_next-highlighted.png in Resources */,
				D70C355314E9826E0014407A /* tv_button_next-highlighted@2x.png in Resources */,
				D70C355414E9826E0014407A /* tv_button_previous-highlighted.png in Resources */,
				D70C355514E9826E0014407A /* tv_button_previous-highlighted@2x.png in Resources */,
				D70C355614E9826E0014407A /* tv_button_previous.png in Resources */,
				D70C355714E9826E0014407A /* tv_button_previous@2x.png in Resources */,
				D70C355814E9826E0014407A /* tv_button_next.png in Resources */,
				D70C355914E9826E0014407A /* tv_button_next@2x.png in Resources */,
				D70C355A14E9826E0014407A /* wood.png in Resources */,
				D70C355B14E9826E0014407A /* wood@2x.png in Resources */,
				D70C355C14E9826E0014407A /* television@2x.png in Resources */,
				D70C355D14E9826E0014407A /* television.png in Resources */,
				D70C355E14E9826E0014407A /* ep_number_back@2x.png in Resources */,
				D70C355F14E9826E0014407A /* ep_number_back.png in Resources */,
				D70C356014E9826E0014407A /* cell_background.png in Resources */,
				D70C356114E9826E0014407A /* cell_background@2x.png in Resources */,
				D70C356214E9826E0014407A /* wooden-panel.png in Resources */,
				D70C356514E9827C0014407A /* links.xml in Resources */,
				D70C356614E9827C0014407A /* info.xml in Resources */,
				D7F5C61E14EAD3460052FD01 /* Icon.png in Resources */,
				D7F5C61F14EAD3460052FD01 /* Icon@2x.png in Resources */,
			);
			runOnlyForDeploymentPostprocessing = 0;
		};
/* End PBXResourcesBuildPhase section */

/* Begin PBXSourcesBuildPhase section */
		D718289714E30EF700B2242F /* Sources */ = {
			isa = PBXSourcesBuildPhase;
			buildActionMask = 2147483647;
			files = (
				D71828AE14E30EF700B2242F /* main.m in Sources */,
				D71828B214E30EF800B2242F /* AppDelegate.m in Sources */,
				D70C34E914E981BC0014407A /* ReactiveOverlayViewController.m in Sources */,
				D70C34EA14E981BC0014407A /* SeasonHeaderView.m in Sources */,
				D70C34EB14E981BC0014407A /* EpisodeTableViewCell.m in Sources */,
				D70C34EC14E981BC0014407A /* MasterViewController.m in Sources */,
				D70C34ED14E981BC0014407A /* EpisodeViewController.m in Sources */,
				D70C350414E982340014407A /* Episode.m in Sources */,
				D70C350514E982340014407A /* Season.m in Sources */,
				D70C350614E982340014407A /* Part.m in Sources */,
				D70C350714E982340014407A /* PartView.m in Sources */,
				D70C350814E982340014407A /* Seeder.m in Sources */,
				D70C356B14E982910014407A /* NSDate+StringValue.m in Sources */,
				D70C356C14E982910014407A /* UIView+SelfFromNib.m in Sources */,
				D70C358C14E982C00014407A /* CTidy.m in Sources */,
				D70C358D14E982C00014407A /* CXMLNode.m in Sources */,
				D70C358E14E982C00014407A /* CXMLNode_XPathExtensions.m in Sources */,
				D70C358F14E982C00014407A /* CXMLNode_PrivateExtensions.m in Sources */,
				D70C359014E982C00014407A /* CXMLNamespaceNode.m in Sources */,
				D70C359114E982C00014407A /* CXMLElement.m in Sources */,
				D70C359214E982C00014407A /* CXMLElement_ElementTreeExtensions.m in Sources */,
				D70C359314E982C00014407A /* CXMLElement_CreationExtensions.m in Sources */,
				D70C359414E982C00014407A /* CXMLDocument.m in Sources */,
				D70C359514E982C00014407A /* CXMLDocument_PrivateExtensions.m in Sources */,
				D70C359614E982C00014407A /* CXHTMLDocument.m in Sources */,
				D70C359714E982C00014407A /* CXMLDocument_CreationExtensions.m in Sources */,
				D70C359814E982C00014407A /* CXMLNode_CreationExtensions.m in Sources */,
				D70C35B014E982D00014407A /* AFHTTPClient.m in Sources */,
				D70C35B114E982D00014407A /* AFHTTPRequestOperation.m in Sources */,
				D70C35B214E982D00014407A /* AFImageCache.m in Sources */,
				D70C35B314E982D00014407A /* AFImageRequestOperation.m in Sources */,
				D70C35B414E982D00014407A /* AFJSONRequestOperation.m in Sources */,
				D70C35B514E982D00014407A /* AFNetworkActivityIndicatorManager.m in Sources */,
				D70C35B614E982D00014407A /* AFPropertyListRequestOperation.m in Sources */,
				D70C35B714E982D00014407A /* AFURLConnectionOperation.m in Sources */,
				D70C35B814E982D00014407A /* AFXMLRequestOperation.m in Sources */,
				D70C35B914E982D00014407A /* UIImageView+AFNetworking.m in Sources */,
				D70C35C414E98A320014407A /* FlyingCircus.xcdatamodeld in Sources */,
				D7F5C61914EAC6BA0052FD01 /* Reachability.m in Sources */,
			);
			runOnlyForDeploymentPostprocessing = 0;
		};
/* End PBXSourcesBuildPhase section */

/* Begin PBXVariantGroup section */
		D71828AA14E30EF700B2242F /* InfoPlist.strings */ = {
			isa = PBXVariantGroup;
			children = (
				D71828AB14E30EF700B2242F /* en */,
			);
			name = InfoPlist.strings;
			sourceTree = "<group>";
		};
/* End PBXVariantGroup section */

/* Begin XCBuildConfiguration section */
		D71828C214E30EF800B2242F /* Debug */ = {
			isa = XCBuildConfiguration;
			buildSettings = {
				ALWAYS_SEARCH_USER_PATHS = NO;
				ARCHS = (
					armv6,
					armv7,
				);
				CLANG_ENABLE_OBJC_ARC = YES;
				CODE_SIGN_IDENTITY = "iPhone Distribution: Nicola Miotto";
				"CODE_SIGN_IDENTITY[sdk=iphoneos*]" = "iPhone Distribution: Nicola Miotto";
				COPY_PHASE_STRIP = NO;
				GCC_C_LANGUAGE_STANDARD = gnu99;
				GCC_DYNAMIC_NO_PIC = NO;
				GCC_OPTIMIZATION_LEVEL = 0;
				GCC_PREPROCESSOR_DEFINITIONS = (
					"DEBUG=1",
					"$(inherited)",
				);
				GCC_SYMBOLS_PRIVATE_EXTERN = NO;
				GCC_VERSION = com.apple.compilers.llvm.clang.1_0;
				GCC_WARN_ABOUT_MISSING_PROTOTYPES = YES;
				GCC_WARN_ABOUT_RETURN_TYPE = YES;
				GCC_WARN_UNUSED_VARIABLE = YES;
				IPHONEOS_DEPLOYMENT_TARGET = 4.0;
				PROVISIONING_PROFILE = "6A4DAE9C-1BE6-4A1A-B07A-8CA82BD955AF";
				"PROVISIONING_PROFILE[sdk=iphoneos*]" = "6A4DAE9C-1BE6-4A1A-B07A-8CA82BD955AF";
				SDKROOT = iphoneos;
			};
			name = Debug;
		};
		D71828C314E30EF800B2242F /* Release */ = {
			isa = XCBuildConfiguration;
			buildSettings = {
				ALWAYS_SEARCH_USER_PATHS = NO;
				ARCHS = (
					armv6,
					armv7,
				);
				CLANG_ENABLE_OBJC_ARC = YES;
				CODE_SIGN_IDENTITY = "iPhone Distribution: Nicola Miotto";
				"CODE_SIGN_IDENTITY[sdk=iphoneos*]" = "iPhone Distribution: Nicola Miotto";
				COPY_PHASE_STRIP = YES;
				GCC_C_LANGUAGE_STANDARD = gnu99;
				GCC_VERSION = com.apple.compilers.llvm.clang.1_0;
				GCC_WARN_ABOUT_MISSING_PROTOTYPES = YES;
				GCC_WARN_ABOUT_RETURN_TYPE = YES;
				GCC_WARN_UNUSED_VARIABLE = YES;
				IPHONEOS_DEPLOYMENT_TARGET = 4.0;
				OTHER_CFLAGS = "-DNS_BLOCK_ASSERTIONS=1";
				PROVISIONING_PROFILE = "6A4DAE9C-1BE6-4A1A-B07A-8CA82BD955AF";
				"PROVISIONING_PROFILE[sdk=iphoneos*]" = "6A4DAE9C-1BE6-4A1A-B07A-8CA82BD955AF";
				SDKROOT = iphoneos;
				VALIDATE_PRODUCT = YES;
			};
			name = Release;
		};
		D71828C514E30EF800B2242F /* Debug */ = {
			isa = XCBuildConfiguration;
			buildSettings = {
				GCC_PRECOMPILE_PREFIX_HEADER = YES;
				GCC_PREFIX_HEADER = "FlyingCircus/Flying Circus Player-Prefix.pch";
				"HEADER_SEARCH_PATHS[arch=*]" = /usr/include/libxml2;
				INFOPLIST_FILE = "FlyingCircus/Flying Circus Player-Info.plist";
				"OTHER_LDFLAGS[arch=*]" = "-lxml2";
				PRODUCT_NAME = "Flying Circus Player";
				WRAPPER_EXTENSION = app;
			};
			name = Debug;
		};
		D71828C614E30EF800B2242F /* Release */ = {
			isa = XCBuildConfiguration;
			buildSettings = {
				GCC_PRECOMPILE_PREFIX_HEADER = YES;
				GCC_PREFIX_HEADER = "FlyingCircus/Flying Circus Player-Prefix.pch";
				"HEADER_SEARCH_PATHS[arch=*]" = /usr/include/libxml2;
				INFOPLIST_FILE = "FlyingCircus/Flying Circus Player-Info.plist";
				"OTHER_LDFLAGS[arch=*]" = "-lxml2";
				PRODUCT_NAME = "Flying Circus Player";
				WRAPPER_EXTENSION = app;
			};
			name = Release;
		};
/* End XCBuildConfiguration section */

/* Begin XCConfigurationList section */
		D718289514E30EF700B2242F /* Build configuration list for PBXProject "Flying Circus Player" */ = {
			isa = XCConfigurationList;
			buildConfigurations = (
				D71828C214E30EF800B2242F /* Debug */,
				D71828C314E30EF800B2242F /* Release */,
			);
			defaultConfigurationIsVisible = 0;
			defaultConfigurationName = Release;
		};
		D71828C414E30EF800B2242F /* Build configuration list for PBXNativeTarget "Flying Circus Player" */ = {
			isa = XCConfigurationList;
			buildConfigurations = (
				D71828C514E30EF800B2242F /* Debug */,
				D71828C614E30EF800B2242F /* Release */,
			);
			defaultConfigurationIsVisible = 0;
			defaultConfigurationName = Release;
		};
/* End XCConfigurationList section */

/* Begin XCVersionGroup section */
		D70C35C214E98A320014407A /* FlyingCircus.xcdatamodeld */ = {
			isa = XCVersionGroup;
			children = (
				D70C35C314E98A320014407A /* FlyingCircus.xcdatamodel */,
			);
			currentVersion = D70C35C314E98A320014407A /* FlyingCircus.xcdatamodel */;
			path = FlyingCircus.xcdatamodeld;
			sourceTree = SOURCE_ROOT;
			versionGroupType = wrapper.xcdatamodel;
		};
/* End XCVersionGroup section */
	};
	rootObject = D718289214E30EF700B2242F /* Project object */;
}
