// !$*UTF8*$!
{
	archiveVersion = 1;
	classes = {
	};
	objectVersion = 46;
	objects = {

/* Begin PBXBuildFile section */
		D71828A014E30EF700B2242F /* UIKit.framework in Frameworks */ = {isa = PBXBuildFile; fileRef = D718289F14E30EF700B2242F /* UIKit.framework */; };
		D71828A214E30EF700B2242F /* Foundation.framework in Frameworks */ = {isa = PBXBuildFile; fileRef = D71828A114E30EF700B2242F /* Foundation.framework */; };
		D71828A414E30EF700B2242F /* CoreGraphics.framework in Frameworks */ = {isa = PBXBuildFile; fileRef = D71828A314E30EF700B2242F /* CoreGraphics.framework */; };
		D71828A614E30EF700B2242F /* CoreData.framework in Frameworks */ = {isa = PBXBuildFile; fileRef = D71828A514E30EF700B2242F /* CoreData.framework */; };
		D71828AC14E30EF700B2242F /* InfoPlist.strings in Resources */ = {isa = PBXBuildFile; fileRef = D71828AA14E30EF700B2242F /* InfoPlist.strings */; };
		D71828AE14E30EF700B2242F /* main.m in Sources */ = {isa = PBXBuildFile; fileRef = D71828AD14E30EF700B2242F /* main.m */; };
		D71828B214E30EF800B2242F /* AppDelegate.m in Sources */ = {isa = PBXBuildFile; fileRef = D71828B114E30EF800B2242F /* AppDelegate.m */; };
		D71828B814E30EF800B2242F /* MasterViewController.m in Sources */ = {isa = PBXBuildFile; fileRef = D71828B714E30EF800B2242F /* MasterViewController.m */; };
		D71828BB14E30EF800B2242F /* EpisodeViewController.m in Sources */ = {isa = PBXBuildFile; fileRef = D71828BA14E30EF800B2242F /* EpisodeViewController.m */; };
		D71828BE14E30EF800B2242F /* MasterViewController.xib in Resources */ = {isa = PBXBuildFile; fileRef = D71828BC14E30EF800B2242F /* MasterViewController.xib */; };
		D71828C114E30EF800B2242F /* EpisodeViewController.xib in Resources */ = {isa = PBXBuildFile; fileRef = D71828BF14E30EF800B2242F /* EpisodeViewController.xib */; };
		D71828D214E30F5500B2242F /* Seeder.m in Sources */ = {isa = PBXBuildFile; fileRef = D71828CF14E30F5500B2242F /* Seeder.m */; };
		D71828DB14E3C8D900B2242F /* PartView.m in Sources */ = {isa = PBXBuildFile; fileRef = D71828DA14E3C8D900B2242F /* PartView.m */; };
		D7666ADD14E6EBFA0088F672 /* Episode.m in Sources */ = {isa = PBXBuildFile; fileRef = D7666ADC14E6EBFA0088F672 /* Episode.m */; };
		D7666AE014E6EF370088F672 /* play.png in Resources */ = {isa = PBXBuildFile; fileRef = D7666ADE14E6EF370088F672 /* play.png */; };
		D7666AE114E6EF370088F672 /* play@2x.png in Resources */ = {isa = PBXBuildFile; fileRef = D7666ADF14E6EF370088F672 /* play@2x.png */; };
		D7D18F1314E3D3FB00CAFCBE /* FlyingCircus.xcdatamodeld in Sources */ = {isa = PBXBuildFile; fileRef = D7D18F1114E3D3FB00CAFCBE /* FlyingCircus.xcdatamodeld */; };
		D7D18F1614E4106300CAFCBE /* Season.m in Sources */ = {isa = PBXBuildFile; fileRef = D7D18F1514E4106300CAFCBE /* Season.m */; };
		D7D18F1C14E4106300CAFCBE /* Part.m in Sources */ = {isa = PBXBuildFile; fileRef = D7D18F1B14E4106300CAFCBE /* Part.m */; };
		D7D18F1F14E4154700CAFCBE /* EpisodeTableViewCell.m in Sources */ = {isa = PBXBuildFile; fileRef = D7D18F1E14E4154700CAFCBE /* EpisodeTableViewCell.m */; };
		D7D18F2114E430B100CAFCBE /* AlikeAngular-Regular.ttf in Resources */ = {isa = PBXBuildFile; fileRef = D7D18F2014E430B000CAFCBE /* AlikeAngular-Regular.ttf */; };
		D7D18F2714E4347B00CAFCBE /* cell_background.png in Resources */ = {isa = PBXBuildFile; fileRef = D7D18F2514E4347B00CAFCBE /* cell_background.png */; };
		D7D18F2814E4347B00CAFCBE /* cell_background@2x.png in Resources */ = {isa = PBXBuildFile; fileRef = D7D18F2614E4347B00CAFCBE /* cell_background@2x.png */; };
		D7D18F2B14E439D300CAFCBE /* SeasonHeaderView.m in Sources */ = {isa = PBXBuildFile; fileRef = D7D18F2A14E439D300CAFCBE /* SeasonHeaderView.m */; };
		D7D18F2D14E43A1B00CAFCBE /* Ewert-Regular.ttf in Resources */ = {isa = PBXBuildFile; fileRef = D7D18F2C14E43A1B00CAFCBE /* Ewert-Regular.ttf */; };
		D7D18F3014E44B6100CAFCBE /* ep_number_back.png in Resources */ = {isa = PBXBuildFile; fileRef = D7D18F2E14E44B6100CAFCBE /* ep_number_back.png */; };
		D7D18F3114E44B6100CAFCBE /* ep_number_back@2x.png in Resources */ = {isa = PBXBuildFile; fileRef = D7D18F2F14E44B6100CAFCBE /* ep_number_back@2x.png */; };
		D7D18F3514E4524B00CAFCBE /* television.png in Resources */ = {isa = PBXBuildFile; fileRef = D7D18F3414E4524B00CAFCBE /* television.png */; };
		D7D18F3714E45E9200CAFCBE /* television@2x.png in Resources */ = {isa = PBXBuildFile; fileRef = D7D18F3614E45E9200CAFCBE /* television@2x.png */; };
		D7D18F3A14E463C600CAFCBE /* wood.png in Resources */ = {isa = PBXBuildFile; fileRef = D7D18F3814E463C600CAFCBE /* wood.png */; };
		D7D18F3B14E463C600CAFCBE /* wood@2x.png in Resources */ = {isa = PBXBuildFile; fileRef = D7D18F3914E463C600CAFCBE /* wood@2x.png */; };
		D7D18F4014E4657800CAFCBE /* tv_button_previous.png in Resources */ = {isa = PBXBuildFile; fileRef = D7D18F3C14E4657800CAFCBE /* tv_button_previous.png */; };
		D7D18F4114E4657800CAFCBE /* tv_button_previous@2x.png in Resources */ = {isa = PBXBuildFile; fileRef = D7D18F3D14E4657800CAFCBE /* tv_button_previous@2x.png */; };
		D7D18F4214E4657800CAFCBE /* tv_button_next.png in Resources */ = {isa = PBXBuildFile; fileRef = D7D18F3E14E4657800CAFCBE /* tv_button_next.png */; };
		D7D18F4314E4657800CAFCBE /* tv_button_next@2x.png in Resources */ = {isa = PBXBuildFile; fileRef = D7D18F3F14E4657800CAFCBE /* tv_button_next@2x.png */; };
		D7D18F4814E4663200CAFCBE /* tv_button_next-highlighted.png in Resources */ = {isa = PBXBuildFile; fileRef = D7D18F4414E4663200CAFCBE /* tv_button_next-highlighted.png */; };
		D7D18F4914E4663200CAFCBE /* tv_button_next-highlighted@2x.png in Resources */ = {isa = PBXBuildFile; fileRef = D7D18F4514E4663200CAFCBE /* tv_button_next-highlighted@2x.png */; };
		D7D18F4A14E4663200CAFCBE /* tv_button_previous-highlighted.png in Resources */ = {isa = PBXBuildFile; fileRef = D7D18F4614E4663200CAFCBE /* tv_button_previous-highlighted.png */; };
		D7D18F4B14E4663200CAFCBE /* tv_button_previous-highlighted@2x.png in Resources */ = {isa = PBXBuildFile; fileRef = D7D18F4714E4663200CAFCBE /* tv_button_previous-highlighted@2x.png */; };
		D7D18F4E14E52BB900CAFCBE /* navbar_background.png in Resources */ = {isa = PBXBuildFile; fileRef = D7D18F4C14E52BB900CAFCBE /* navbar_background.png */; };
		D7D18F4F14E52BB900CAFCBE /* navbar_background@2x.png in Resources */ = {isa = PBXBuildFile; fileRef = D7D18F4D14E52BB900CAFCBE /* navbar_background@2x.png */; };
		D7D18F5214E52E1500CAFCBE /* navbar_title.png in Resources */ = {isa = PBXBuildFile; fileRef = D7D18F5014E52E1500CAFCBE /* navbar_title.png */; };
		D7D18F5314E52E1500CAFCBE /* navbar_title@2x.png in Resources */ = {isa = PBXBuildFile; fileRef = D7D18F5114E52E1500CAFCBE /* navbar_title@2x.png */; };
		D7D18F5614E53ABB00CAFCBE /* section_header_background.png in Resources */ = {isa = PBXBuildFile; fileRef = D7D18F5414E53ABB00CAFCBE /* section_header_background.png */; };
		D7D18F5714E53ABB00CAFCBE /* section_header_background@2x.png in Resources */ = {isa = PBXBuildFile; fileRef = D7D18F5514E53ABB00CAFCBE /* section_header_background@2x.png */; };
		D7D18F7714E5816500CAFCBE /* AFHTTPClient.m in Sources */ = {isa = PBXBuildFile; fileRef = D7D18F6214E5816500CAFCBE /* AFHTTPClient.m */; settings = {COMPILER_FLAGS = "-fno-objc-arc"; }; };
		D7D18F7814E5816500CAFCBE /* AFHTTPRequestOperation.m in Sources */ = {isa = PBXBuildFile; fileRef = D7D18F6414E5816500CAFCBE /* AFHTTPRequestOperation.m */; settings = {COMPILER_FLAGS = "-fno-objc-arc"; }; };
		D7D18F7914E5816500CAFCBE /* AFImageCache.m in Sources */ = {isa = PBXBuildFile; fileRef = D7D18F6614E5816500CAFCBE /* AFImageCache.m */; settings = {COMPILER_FLAGS = "-fno-objc-arc"; }; };
		D7D18F7A14E5816500CAFCBE /* AFImageRequestOperation.m in Sources */ = {isa = PBXBuildFile; fileRef = D7D18F6814E5816500CAFCBE /* AFImageRequestOperation.m */; settings = {COMPILER_FLAGS = "-fno-objc-arc"; }; };
		D7D18F7B14E5816500CAFCBE /* AFJSONRequestOperation.m in Sources */ = {isa = PBXBuildFile; fileRef = D7D18F6A14E5816500CAFCBE /* AFJSONRequestOperation.m */; settings = {COMPILER_FLAGS = "-fno-objc-arc"; }; };
		D7D18F7C14E5816500CAFCBE /* AFNetworkActivityIndicatorManager.m in Sources */ = {isa = PBXBuildFile; fileRef = D7D18F6D14E5816500CAFCBE /* AFNetworkActivityIndicatorManager.m */; settings = {COMPILER_FLAGS = "-fno-objc-arc"; }; };
		D7D18F7D14E5816500CAFCBE /* AFPropertyListRequestOperation.m in Sources */ = {isa = PBXBuildFile; fileRef = D7D18F7014E5816500CAFCBE /* AFPropertyListRequestOperation.m */; settings = {COMPILER_FLAGS = "-fno-objc-arc"; }; };
		D7D18F7E14E5816500CAFCBE /* AFURLConnectionOperation.m in Sources */ = {isa = PBXBuildFile; fileRef = D7D18F7214E5816500CAFCBE /* AFURLConnectionOperation.m */; settings = {COMPILER_FLAGS = "-fno-objc-arc"; }; };
		D7D18F7F14E5816500CAFCBE /* AFXMLRequestOperation.m in Sources */ = {isa = PBXBuildFile; fileRef = D7D18F7414E5816500CAFCBE /* AFXMLRequestOperation.m */; settings = {COMPILER_FLAGS = "-fno-objc-arc"; }; };
		D7D18F8014E5816500CAFCBE /* UIImageView+AFNetworking.m in Sources */ = {isa = PBXBuildFile; fileRef = D7D18F7614E5816500CAFCBE /* UIImageView+AFNetworking.m */; settings = {COMPILER_FLAGS = "-fno-objc-arc"; }; };
		D7D18F8314E58FA200CAFCBE /* EpisodeTableViewCell.xib in Resources */ = {isa = PBXBuildFile; fileRef = D7D18F8214E58FA200CAFCBE /* EpisodeTableViewCell.xib */; };
		D7D18F8714E5E89B00CAFCBE /* UIView+SelfFromNib.m in Sources */ = {isa = PBXBuildFile; fileRef = D7D18F8614E5E89B00CAFCBE /* UIView+SelfFromNib.m */; };
		D7D18F9014E5F67300CAFCBE /* back_button.png in Resources */ = {isa = PBXBuildFile; fileRef = D7D18F8C14E5F67300CAFCBE /* back_button.png */; };
		D7D18F9114E5F67300CAFCBE /* back_button-highlighted.png in Resources */ = {isa = PBXBuildFile; fileRef = D7D18F8D14E5F67300CAFCBE /* back_button-highlighted.png */; };
		D7D18F9214E5F67300CAFCBE /* back_button-highlighted@2x.png in Resources */ = {isa = PBXBuildFile; fileRef = D7D18F8E14E5F67300CAFCBE /* back_button-highlighted@2x.png */; };
		D7D18F9314E5F67300CAFCBE /* back_button@2x.png in Resources */ = {isa = PBXBuildFile; fileRef = D7D18F8F14E5F67300CAFCBE /* back_button@2x.png */; };
		D7D18F9B14E682A400CAFCBE /* NSDate+StringValue.m in Sources */ = {isa = PBXBuildFile; fileRef = D7D18F9A14E682A400CAFCBE /* NSDate+StringValue.m */; };
		D7D18FA114E68D2F00CAFCBE /* checkbox-checked.png in Resources */ = {isa = PBXBuildFile; fileRef = D7D18F9D14E68D2F00CAFCBE /* checkbox-checked.png */; };
		D7D18FA214E68D2F00CAFCBE /* checkbox-checked@2x.png in Resources */ = {isa = PBXBuildFile; fileRef = D7D18F9E14E68D2F00CAFCBE /* checkbox-checked@2x.png */; };
		D7D18FA314E68D2F00CAFCBE /* checkbox-unchecked.png in Resources */ = {isa = PBXBuildFile; fileRef = D7D18F9F14E68D2F00CAFCBE /* checkbox-unchecked.png */; };
		D7D18FA414E68D2F00CAFCBE /* checkbox-unchecked@2x.png in Resources */ = {isa = PBXBuildFile; fileRef = D7D18FA014E68D2F00CAFCBE /* checkbox-unchecked@2x.png */; };
/* End PBXBuildFile section */

/* Begin PBXFileReference section */
		D718289B14E30EF700B2242F /* FlyingCircus.app */ = {isa = PBXFileReference; explicitFileType = wrapper.application; includeInIndex = 0; path = FlyingCircus.app; sourceTree = BUILT_PRODUCTS_DIR; };
		D718289F14E30EF700B2242F /* UIKit.framework */ = {isa = PBXFileReference; lastKnownFileType = wrapper.framework; name = UIKit.framework; path = System/Library/Frameworks/UIKit.framework; sourceTree = SDKROOT; };
		D71828A114E30EF700B2242F /* Foundation.framework */ = {isa = PBXFileReference; lastKnownFileType = wrapper.framework; name = Foundation.framework; path = System/Library/Frameworks/Foundation.framework; sourceTree = SDKROOT; };
		D71828A314E30EF700B2242F /* CoreGraphics.framework */ = {isa = PBXFileReference; lastKnownFileType = wrapper.framework; name = CoreGraphics.framework; path = System/Library/Frameworks/CoreGraphics.framework; sourceTree = SDKROOT; };
		D71828A514E30EF700B2242F /* CoreData.framework */ = {isa = PBXFileReference; lastKnownFileType = wrapper.framework; name = CoreData.framework; path = System/Library/Frameworks/CoreData.framework; sourceTree = SDKROOT; };
		D71828A914E30EF700B2242F /* FlyingCircus-Info.plist */ = {isa = PBXFileReference; lastKnownFileType = text.plist.xml; path = "FlyingCircus-Info.plist"; sourceTree = "<group>"; };
		D71828AB14E30EF700B2242F /* en */ = {isa = PBXFileReference; lastKnownFileType = text.plist.strings; name = en; path = en.lproj/InfoPlist.strings; sourceTree = "<group>"; };
		D71828AD14E30EF700B2242F /* main.m */ = {isa = PBXFileReference; lastKnownFileType = sourcecode.c.objc; path = main.m; sourceTree = "<group>"; };
		D71828AF14E30EF700B2242F /* FlyingCircus-Prefix.pch */ = {isa = PBXFileReference; lastKnownFileType = sourcecode.c.h; path = "FlyingCircus-Prefix.pch"; sourceTree = "<group>"; };
		D71828B014E30EF800B2242F /* AppDelegate.h */ = {isa = PBXFileReference; lastKnownFileType = sourcecode.c.h; path = AppDelegate.h; sourceTree = "<group>"; };
		D71828B114E30EF800B2242F /* AppDelegate.m */ = {isa = PBXFileReference; lastKnownFileType = sourcecode.c.objc; path = AppDelegate.m; sourceTree = "<group>"; };
		D71828B614E30EF800B2242F /* MasterViewController.h */ = {isa = PBXFileReference; lastKnownFileType = sourcecode.c.h; name = MasterViewController.h; path = FlyingCircus/MasterViewController.h; sourceTree = "<group>"; };
		D71828B714E30EF800B2242F /* MasterViewController.m */ = {isa = PBXFileReference; lastKnownFileType = sourcecode.c.objc; name = MasterViewController.m; path = FlyingCircus/MasterViewController.m; sourceTree = "<group>"; };
		D71828B914E30EF800B2242F /* EpisodeViewController.h */ = {isa = PBXFileReference; lastKnownFileType = sourcecode.c.h; name = EpisodeViewController.h; path = FlyingCircus/EpisodeViewController.h; sourceTree = "<group>"; };
		D71828BA14E30EF800B2242F /* EpisodeViewController.m */ = {isa = PBXFileReference; lastKnownFileType = sourcecode.c.objc; name = EpisodeViewController.m; path = FlyingCircus/EpisodeViewController.m; sourceTree = "<group>"; };
		D71828BD14E30EF800B2242F /* en */ = {isa = PBXFileReference; lastKnownFileType = file.xib; name = en; path = en.lproj/MasterViewController.xib; sourceTree = "<group>"; };
		D71828C014E30EF800B2242F /* en */ = {isa = PBXFileReference; lastKnownFileType = file.xib; name = en; path = en.lproj/EpisodeViewController.xib; sourceTree = "<group>"; };
		D71828CE14E30F5500B2242F /* Seeder.h */ = {isa = PBXFileReference; fileEncoding = 4; lastKnownFileType = sourcecode.c.h; path = Seeder.h; sourceTree = "<group>"; };
		D71828CF14E30F5500B2242F /* Seeder.m */ = {isa = PBXFileReference; fileEncoding = 4; lastKnownFileType = sourcecode.c.objc; path = Seeder.m; sourceTree = "<group>"; };
		D71828D914E3C8D800B2242F /* PartView.h */ = {isa = PBXFileReference; fileEncoding = 4; lastKnownFileType = sourcecode.c.h; name = PartView.h; path = FlyingCircus/PartView.h; sourceTree = "<group>"; };
		D71828DA14E3C8D900B2242F /* PartView.m */ = {isa = PBXFileReference; fileEncoding = 4; lastKnownFileType = sourcecode.c.objc; name = PartView.m; path = FlyingCircus/PartView.m; sourceTree = "<group>"; };
		D7666ADB14E6EBFA0088F672 /* Episode.h */ = {isa = PBXFileReference; fileEncoding = 4; lastKnownFileType = sourcecode.c.h; path = Episode.h; sourceTree = "<group>"; };
		D7666ADC14E6EBFA0088F672 /* Episode.m */ = {isa = PBXFileReference; fileEncoding = 4; lastKnownFileType = sourcecode.c.objc; path = Episode.m; sourceTree = "<group>"; };
		D7666ADE14E6EF370088F672 /* play.png */ = {isa = PBXFileReference; lastKnownFileType = image.png; name = play.png; path = images/play.png; sourceTree = "<group>"; };
		D7666ADF14E6EF370088F672 /* play@2x.png */ = {isa = PBXFileReference; lastKnownFileType = image.png; name = "play@2x.png"; path = "images/play@2x.png"; sourceTree = "<group>"; };
		D7D18F1214E3D3FB00CAFCBE /* FlyingCircus.xcdatamodel */ = {isa = PBXFileReference; lastKnownFileType = wrapper.xcdatamodel; path = FlyingCircus.xcdatamodel; sourceTree = "<group>"; };
		D7D18F1414E4106300CAFCBE /* Season.h */ = {isa = PBXFileReference; fileEncoding = 4; lastKnownFileType = sourcecode.c.h; path = Season.h; sourceTree = "<group>"; };
		D7D18F1514E4106300CAFCBE /* Season.m */ = {isa = PBXFileReference; fileEncoding = 4; lastKnownFileType = sourcecode.c.objc; path = Season.m; sourceTree = "<group>"; };
		D7D18F1A14E4106300CAFCBE /* Part.h */ = {isa = PBXFileReference; fileEncoding = 4; lastKnownFileType = sourcecode.c.h; path = Part.h; sourceTree = "<group>"; };
		D7D18F1B14E4106300CAFCBE /* Part.m */ = {isa = PBXFileReference; fileEncoding = 4; lastKnownFileType = sourcecode.c.objc; path = Part.m; sourceTree = "<group>"; };
		D7D18F1D14E4154700CAFCBE /* EpisodeTableViewCell.h */ = {isa = PBXFileReference; fileEncoding = 4; lastKnownFileType = sourcecode.c.h; path = EpisodeTableViewCell.h; sourceTree = "<group>"; };
		D7D18F1E14E4154700CAFCBE /* EpisodeTableViewCell.m */ = {isa = PBXFileReference; fileEncoding = 4; lastKnownFileType = sourcecode.c.objc; path = EpisodeTableViewCell.m; sourceTree = "<group>"; };
		D7D18F2014E430B000CAFCBE /* AlikeAngular-Regular.ttf */ = {isa = PBXFileReference; lastKnownFileType = file; path = "AlikeAngular-Regular.ttf"; sourceTree = "<group>"; };
		D7D18F2514E4347B00CAFCBE /* cell_background.png */ = {isa = PBXFileReference; lastKnownFileType = image.png; name = cell_background.png; path = images/cell_background.png; sourceTree = "<group>"; };
		D7D18F2614E4347B00CAFCBE /* cell_background@2x.png */ = {isa = PBXFileReference; lastKnownFileType = image.png; name = "cell_background@2x.png"; path = "images/cell_background@2x.png"; sourceTree = "<group>"; };
		D7D18F2914E439D300CAFCBE /* SeasonHeaderView.h */ = {isa = PBXFileReference; fileEncoding = 4; lastKnownFileType = sourcecode.c.h; path = SeasonHeaderView.h; sourceTree = "<group>"; };
		D7D18F2A14E439D300CAFCBE /* SeasonHeaderView.m */ = {isa = PBXFileReference; fileEncoding = 4; lastKnownFileType = sourcecode.c.objc; path = SeasonHeaderView.m; sourceTree = "<group>"; };
		D7D18F2C14E43A1B00CAFCBE /* Ewert-Regular.ttf */ = {isa = PBXFileReference; lastKnownFileType = file; path = "Ewert-Regular.ttf"; sourceTree = "<group>"; };
		D7D18F2E14E44B6100CAFCBE /* ep_number_back.png */ = {isa = PBXFileReference; lastKnownFileType = image.png; name = ep_number_back.png; path = images/ep_number_back.png; sourceTree = "<group>"; };
		D7D18F2F14E44B6100CAFCBE /* ep_number_back@2x.png */ = {isa = PBXFileReference; lastKnownFileType = image.png; name = "ep_number_back@2x.png"; path = "images/ep_number_back@2x.png"; sourceTree = "<group>"; };
		D7D18F3414E4524B00CAFCBE /* television.png */ = {isa = PBXFileReference; lastKnownFileType = image.png; name = television.png; path = images/television.png; sourceTree = "<group>"; };
		D7D18F3614E45E9200CAFCBE /* television@2x.png */ = {isa = PBXFileReference; lastKnownFileType = image.png; name = "television@2x.png"; path = "images/television@2x.png"; sourceTree = "<group>"; };
		D7D18F3814E463C600CAFCBE /* wood.png */ = {isa = PBXFileReference; lastKnownFileType = image.png; name = wood.png; path = images/wood.png; sourceTree = "<group>"; };
		D7D18F3914E463C600CAFCBE /* wood@2x.png */ = {isa = PBXFileReference; lastKnownFileType = image.png; name = "wood@2x.png"; path = "images/wood@2x.png"; sourceTree = "<group>"; };
		D7D18F3C14E4657800CAFCBE /* tv_button_previous.png */ = {isa = PBXFileReference; lastKnownFileType = image.png; name = tv_button_previous.png; path = images/tv_button_previous.png; sourceTree = "<group>"; };
		D7D18F3D14E4657800CAFCBE /* tv_button_previous@2x.png */ = {isa = PBXFileReference; lastKnownFileType = image.png; name = "tv_button_previous@2x.png"; path = "images/tv_button_previous@2x.png"; sourceTree = "<group>"; };
		D7D18F3E14E4657800CAFCBE /* tv_button_next.png */ = {isa = PBXFileReference; lastKnownFileType = image.png; name = tv_button_next.png; path = images/tv_button_next.png; sourceTree = "<group>"; };
		D7D18F3F14E4657800CAFCBE /* tv_button_next@2x.png */ = {isa = PBXFileReference; lastKnownFileType = image.png; name = "tv_button_next@2x.png"; path = "images/tv_button_next@2x.png"; sourceTree = "<group>"; };
		D7D18F4414E4663200CAFCBE /* tv_button_next-highlighted.png */ = {isa = PBXFileReference; lastKnownFileType = image.png; name = "tv_button_next-highlighted.png"; path = "images/tv_button_next-highlighted.png"; sourceTree = "<group>"; };
		D7D18F4514E4663200CAFCBE /* tv_button_next-highlighted@2x.png */ = {isa = PBXFileReference; lastKnownFileType = image.png; name = "tv_button_next-highlighted@2x.png"; path = "images/tv_button_next-highlighted@2x.png"; sourceTree = "<group>"; };
		D7D18F4614E4663200CAFCBE /* tv_button_previous-highlighted.png */ = {isa = PBXFileReference; lastKnownFileType = image.png; name = "tv_button_previous-highlighted.png"; path = "images/tv_button_previous-highlighted.png"; sourceTree = "<group>"; };
		D7D18F4714E4663200CAFCBE /* tv_button_previous-highlighted@2x.png */ = {isa = PBXFileReference; lastKnownFileType = image.png; name = "tv_button_previous-highlighted@2x.png"; path = "images/tv_button_previous-highlighted@2x.png"; sourceTree = "<group>"; };
		D7D18F4C14E52BB900CAFCBE /* navbar_background.png */ = {isa = PBXFileReference; lastKnownFileType = image.png; name = navbar_background.png; path = images/navbar_background.png; sourceTree = "<group>"; };
		D7D18F4D14E52BB900CAFCBE /* navbar_background@2x.png */ = {isa = PBXFileReference; lastKnownFileType = image.png; name = "navbar_background@2x.png"; path = "images/navbar_background@2x.png"; sourceTree = "<group>"; };
		D7D18F5014E52E1500CAFCBE /* navbar_title.png */ = {isa = PBXFileReference; lastKnownFileType = image.png; name = navbar_title.png; path = images/navbar_title.png; sourceTree = "<group>"; };
		D7D18F5114E52E1500CAFCBE /* navbar_title@2x.png */ = {isa = PBXFileReference; lastKnownFileType = image.png; name = "navbar_title@2x.png"; path = "images/navbar_title@2x.png"; sourceTree = "<group>"; };
		D7D18F5414E53ABB00CAFCBE /* section_header_background.png */ = {isa = PBXFileReference; lastKnownFileType = image.png; name = section_header_background.png; path = images/section_header_background.png; sourceTree = "<group>"; };
		D7D18F5514E53ABB00CAFCBE /* section_header_background@2x.png */ = {isa = PBXFileReference; lastKnownFileType = image.png; name = "section_header_background@2x.png"; path = "images/section_header_background@2x.png"; sourceTree = "<group>"; };
		D7D18F5814E542EE00CAFCBE /* Constants.h */ = {isa = PBXFileReference; fileEncoding = 4; lastKnownFileType = sourcecode.c.h; path = Constants.h; sourceTree = "<group>"; };
		D7D18F6114E5816500CAFCBE /* AFHTTPClient.h */ = {isa = PBXFileReference; fileEncoding = 4; lastKnownFileType = sourcecode.c.h; path = AFHTTPClient.h; sourceTree = "<group>"; };
		D7D18F6214E5816500CAFCBE /* AFHTTPClient.m */ = {isa = PBXFileReference; fileEncoding = 4; lastKnownFileType = sourcecode.c.objc; path = AFHTTPClient.m; sourceTree = "<group>"; };
		D7D18F6314E5816500CAFCBE /* AFHTTPRequestOperation.h */ = {isa = PBXFileReference; fileEncoding = 4; lastKnownFileType = sourcecode.c.h; path = AFHTTPRequestOperation.h; sourceTree = "<group>"; };
		D7D18F6414E5816500CAFCBE /* AFHTTPRequestOperation.m */ = {isa = PBXFileReference; fileEncoding = 4; lastKnownFileType = sourcecode.c.objc; path = AFHTTPRequestOperation.m; sourceTree = "<group>"; };
		D7D18F6514E5816500CAFCBE /* AFImageCache.h */ = {isa = PBXFileReference; fileEncoding = 4; lastKnownFileType = sourcecode.c.h; path = AFImageCache.h; sourceTree = "<group>"; };
		D7D18F6614E5816500CAFCBE /* AFImageCache.m */ = {isa = PBXFileReference; fileEncoding = 4; lastKnownFileType = sourcecode.c.objc; path = AFImageCache.m; sourceTree = "<group>"; };
		D7D18F6714E5816500CAFCBE /* AFImageRequestOperation.h */ = {isa = PBXFileReference; fileEncoding = 4; lastKnownFileType = sourcecode.c.h; path = AFImageRequestOperation.h; sourceTree = "<group>"; };
		D7D18F6814E5816500CAFCBE /* AFImageRequestOperation.m */ = {isa = PBXFileReference; fileEncoding = 4; lastKnownFileType = sourcecode.c.objc; path = AFImageRequestOperation.m; sourceTree = "<group>"; };
		D7D18F6914E5816500CAFCBE /* AFJSONRequestOperation.h */ = {isa = PBXFileReference; fileEncoding = 4; lastKnownFileType = sourcecode.c.h; path = AFJSONRequestOperation.h; sourceTree = "<group>"; };
		D7D18F6A14E5816500CAFCBE /* AFJSONRequestOperation.m */ = {isa = PBXFileReference; fileEncoding = 4; lastKnownFileType = sourcecode.c.objc; path = AFJSONRequestOperation.m; sourceTree = "<group>"; };
		D7D18F6B14E5816500CAFCBE /* AFJSONUtilities.h */ = {isa = PBXFileReference; fileEncoding = 4; lastKnownFileType = sourcecode.c.h; path = AFJSONUtilities.h; sourceTree = "<group>"; };
		D7D18F6C14E5816500CAFCBE /* AFNetworkActivityIndicatorManager.h */ = {isa = PBXFileReference; fileEncoding = 4; lastKnownFileType = sourcecode.c.h; path = AFNetworkActivityIndicatorManager.h; sourceTree = "<group>"; };
		D7D18F6D14E5816500CAFCBE /* AFNetworkActivityIndicatorManager.m */ = {isa = PBXFileReference; fileEncoding = 4; lastKnownFileType = sourcecode.c.objc; path = AFNetworkActivityIndicatorManager.m; sourceTree = "<group>"; };
		D7D18F6E14E5816500CAFCBE /* AFNetworking.h */ = {isa = PBXFileReference; fileEncoding = 4; lastKnownFileType = sourcecode.c.h; path = AFNetworking.h; sourceTree = "<group>"; };
		D7D18F6F14E5816500CAFCBE /* AFPropertyListRequestOperation.h */ = {isa = PBXFileReference; fileEncoding = 4; lastKnownFileType = sourcecode.c.h; path = AFPropertyListRequestOperation.h; sourceTree = "<group>"; };
		D7D18F7014E5816500CAFCBE /* AFPropertyListRequestOperation.m */ = {isa = PBXFileReference; fileEncoding = 4; lastKnownFileType = sourcecode.c.objc; path = AFPropertyListRequestOperation.m; sourceTree = "<group>"; };
		D7D18F7114E5816500CAFCBE /* AFURLConnectionOperation.h */ = {isa = PBXFileReference; fileEncoding = 4; lastKnownFileType = sourcecode.c.h; path = AFURLConnectionOperation.h; sourceTree = "<group>"; };
		D7D18F7214E5816500CAFCBE /* AFURLConnectionOperation.m */ = {isa = PBXFileReference; fileEncoding = 4; lastKnownFileType = sourcecode.c.objc; path = AFURLConnectionOperation.m; sourceTree = "<group>"; };
		D7D18F7314E5816500CAFCBE /* AFXMLRequestOperation.h */ = {isa = PBXFileReference; fileEncoding = 4; lastKnownFileType = sourcecode.c.h; path = AFXMLRequestOperation.h; sourceTree = "<group>"; };
		D7D18F7414E5816500CAFCBE /* AFXMLRequestOperation.m */ = {isa = PBXFileReference; fileEncoding = 4; lastKnownFileType = sourcecode.c.objc; path = AFXMLRequestOperation.m; sourceTree = "<group>"; };
		D7D18F7514E5816500CAFCBE /* UIImageView+AFNetworking.h */ = {isa = PBXFileReference; fileEncoding = 4; lastKnownFileType = sourcecode.c.h; path = "UIImageView+AFNetworking.h"; sourceTree = "<group>"; };
		D7D18F7614E5816500CAFCBE /* UIImageView+AFNetworking.m */ = {isa = PBXFileReference; fileEncoding = 4; lastKnownFileType = sourcecode.c.objc; path = "UIImageView+AFNetworking.m"; sourceTree = "<group>"; };
		D7D18F8214E58FA200CAFCBE /* EpisodeTableViewCell.xib */ = {isa = PBXFileReference; fileEncoding = 4; lastKnownFileType = file.xib; path = EpisodeTableViewCell.xib; sourceTree = "<group>"; };
		D7D18F8514E5E89B00CAFCBE /* UIView+SelfFromNib.h */ = {isa = PBXFileReference; fileEncoding = 4; lastKnownFileType = sourcecode.c.h; path = "UIView+SelfFromNib.h"; sourceTree = "<group>"; };
		D7D18F8614E5E89B00CAFCBE /* UIView+SelfFromNib.m */ = {isa = PBXFileReference; fileEncoding = 4; lastKnownFileType = sourcecode.c.objc; path = "UIView+SelfFromNib.m"; sourceTree = "<group>"; };
		D7D18F8C14E5F67300CAFCBE /* back_button.png */ = {isa = PBXFileReference; lastKnownFileType = image.png; name = back_button.png; path = images/back_button.png; sourceTree = "<group>"; };
		D7D18F8D14E5F67300CAFCBE /* back_button-highlighted.png */ = {isa = PBXFileReference; lastKnownFileType = image.png; name = "back_button-highlighted.png"; path = "images/back_button-highlighted.png"; sourceTree = "<group>"; };
		D7D18F8E14E5F67300CAFCBE /* back_button-highlighted@2x.png */ = {isa = PBXFileReference; lastKnownFileType = image.png; name = "back_button-highlighted@2x.png"; path = "images/back_button-highlighted@2x.png"; sourceTree = "<group>"; };
		D7D18F8F14E5F67300CAFCBE /* back_button@2x.png */ = {isa = PBXFileReference; lastKnownFileType = image.png; name = "back_button@2x.png"; path = "images/back_button@2x.png"; sourceTree = "<group>"; };
		D7D18F9914E682A400CAFCBE /* NSDate+StringValue.h */ = {isa = PBXFileReference; fileEncoding = 4; lastKnownFileType = sourcecode.c.h; path = "NSDate+StringValue.h"; sourceTree = "<group>"; };
		D7D18F9A14E682A400CAFCBE /* NSDate+StringValue.m */ = {isa = PBXFileReference; fileEncoding = 4; lastKnownFileType = sourcecode.c.objc; path = "NSDate+StringValue.m"; sourceTree = "<group>"; };
		D7D18F9D14E68D2F00CAFCBE /* checkbox-checked.png */ = {isa = PBXFileReference; lastKnownFileType = image.png; name = "checkbox-checked.png"; path = "images/checkbox-checked.png"; sourceTree = "<group>"; };
		D7D18F9E14E68D2F00CAFCBE /* checkbox-checked@2x.png */ = {isa = PBXFileReference; lastKnownFileType = image.png; name = "checkbox-checked@2x.png"; path = "images/checkbox-checked@2x.png"; sourceTree = "<group>"; };
		D7D18F9F14E68D2F00CAFCBE /* checkbox-unchecked.png */ = {isa = PBXFileReference; lastKnownFileType = image.png; name = "checkbox-unchecked.png"; path = "images/checkbox-unchecked.png"; sourceTree = "<group>"; };
		D7D18FA014E68D2F00CAFCBE /* checkbox-unchecked@2x.png */ = {isa = PBXFileReference; lastKnownFileType = image.png; name = "checkbox-unchecked@2x.png"; path = "images/checkbox-unchecked@2x.png"; sourceTree = "<group>"; };
/* End PBXFileReference section */

/* Begin PBXFrameworksBuildPhase section */
		D718289814E30EF700B2242F /* Frameworks */ = {
			isa = PBXFrameworksBuildPhase;
			buildActionMask = 2147483647;
			files = (
				D71828A014E30EF700B2242F /* UIKit.framework in Frameworks */,
				D71828A214E30EF700B2242F /* Foundation.framework in Frameworks */,
				D71828A414E30EF700B2242F /* CoreGraphics.framework in Frameworks */,
				D71828A614E30EF700B2242F /* CoreData.framework in Frameworks */,
			);
			runOnlyForDeploymentPostprocessing = 0;
		};
/* End PBXFrameworksBuildPhase section */

/* Begin PBXGroup section */
		D718289014E30EF700B2242F = {
			isa = PBXGroup;
			children = (
				D7D18F8414E5E87800CAFCBE /* Helpers */,
				D7D18F5F14E5811600CAFCBE /* Libraries */,
				D7D18F2214E430C400CAFCBE /* Resources */,
				D71828C914E30F1400B2242F /* Controller */,
				D71828C814E30F0E00B2242F /* View */,
				D71828C714E30F0200B2242F /* Model */,
				D71828A714E30EF700B2242F /* FlyingCircus */,
				D718289E14E30EF700B2242F /* Frameworks */,
				D718289C14E30EF700B2242F /* Products */,
			);
			sourceTree = "<group>";
		};
		D718289C14E30EF700B2242F /* Products */ = {
			isa = PBXGroup;
			children = (
				D718289B14E30EF700B2242F /* FlyingCircus.app */,
			);
			name = Products;
			sourceTree = "<group>";
		};
		D718289E14E30EF700B2242F /* Frameworks */ = {
			isa = PBXGroup;
			children = (
				D718289F14E30EF700B2242F /* UIKit.framework */,
				D71828A114E30EF700B2242F /* Foundation.framework */,
				D71828A314E30EF700B2242F /* CoreGraphics.framework */,
				D71828A514E30EF700B2242F /* CoreData.framework */,
			);
			name = Frameworks;
			sourceTree = "<group>";
		};
		D71828A714E30EF700B2242F /* FlyingCircus */ = {
			isa = PBXGroup;
			children = (
				D71828B014E30EF800B2242F /* AppDelegate.h */,
				D71828B114E30EF800B2242F /* AppDelegate.m */,
				D71828A814E30EF700B2242F /* Supporting Files */,
			);
			path = FlyingCircus;
			sourceTree = "<group>";
		};
		D71828A814E30EF700B2242F /* Supporting Files */ = {
			isa = PBXGroup;
			children = (
				D71828A914E30EF700B2242F /* FlyingCircus-Info.plist */,
				D71828AA14E30EF700B2242F /* InfoPlist.strings */,
				D71828AD14E30EF700B2242F /* main.m */,
				D71828AF14E30EF700B2242F /* FlyingCircus-Prefix.pch */,
			);
			name = "Supporting Files";
			sourceTree = "<group>";
		};
		D71828C714E30F0200B2242F /* Model */ = {
			isa = PBXGroup;
			children = (
				D71828CE14E30F5500B2242F /* Seeder.h */,
				D71828CF14E30F5500B2242F /* Seeder.m */,
				D7D18F1114E3D3FB00CAFCBE /* FlyingCircus.xcdatamodeld */,
				D7666ADB14E6EBFA0088F672 /* Episode.h */,
				D7666ADC14E6EBFA0088F672 /* Episode.m */,
				D7D18F1A14E4106300CAFCBE /* Part.h */,
				D7D18F1B14E4106300CAFCBE /* Part.m */,
				D7D18F1414E4106300CAFCBE /* Season.h */,
				D7D18F1514E4106300CAFCBE /* Season.m */,
			);
			name = Model;
			sourceTree = "<group>";
		};
		D71828C814E30F0E00B2242F /* View */ = {
			isa = PBXGroup;
			children = (
				D71828BC14E30EF800B2242F /* MasterViewController.xib */,
				D71828BF14E30EF800B2242F /* EpisodeViewController.xib */,
				D7D18F8214E58FA200CAFCBE /* EpisodeTableViewCell.xib */,
			);
			name = View;
			sourceTree = "<group>";
		};
		D71828C914E30F1400B2242F /* Controller */ = {
			isa = PBXGroup;
			children = (
				D71828B614E30EF800B2242F /* MasterViewController.h */,
				D71828B714E30EF800B2242F /* MasterViewController.m */,
				D71828B914E30EF800B2242F /* EpisodeViewController.h */,
				D71828BA14E30EF800B2242F /* EpisodeViewController.m */,
				D71828D914E3C8D800B2242F /* PartView.h */,
				D71828DA14E3C8D900B2242F /* PartView.m */,
				D7D18F1D14E4154700CAFCBE /* EpisodeTableViewCell.h */,
				D7D18F1E14E4154700CAFCBE /* EpisodeTableViewCell.m */,
				D7D18F2914E439D300CAFCBE /* SeasonHeaderView.h */,
				D7D18F2A14E439D300CAFCBE /* SeasonHeaderView.m */,
				D7D18F5814E542EE00CAFCBE /* Constants.h */,
			);
			name = Controller;
			sourceTree = "<group>";
		};
		D7D18F2214E430C400CAFCBE /* Resources */ = {
			isa = PBXGroup;
			children = (
				D7D18F2414E430D700CAFCBE /* Images */,
				D7D18F2314E430CF00CAFCBE /* Fonts */,
			);
			name = Resources;
			sourceTree = "<group>";
		};
		D7D18F2314E430CF00CAFCBE /* Fonts */ = {
			isa = PBXGroup;
			children = (
				D7D18F2014E430B000CAFCBE /* AlikeAngular-Regular.ttf */,
				D7D18F2C14E43A1B00CAFCBE /* Ewert-Regular.ttf */,
			);
			name = Fonts;
			sourceTree = "<group>";
		};
		D7D18F2414E430D700CAFCBE /* Images */ = {
			isa = PBXGroup;
			children = (
				D7D18F8C14E5F67300CAFCBE /* back_button.png */,
				D7D18F8D14E5F67300CAFCBE /* back_button-highlighted.png */,
				D7D18F8E14E5F67300CAFCBE /* back_button-highlighted@2x.png */,
				D7D18F8F14E5F67300CAFCBE /* back_button@2x.png */,
				D7D18F2514E4347B00CAFCBE /* cell_background.png */,
				D7D18F2614E4347B00CAFCBE /* cell_background@2x.png */,
				D7D18F3814E463C600CAFCBE /* wood.png */,
				D7D18F3C14E4657800CAFCBE /* tv_button_previous.png */,
				D7D18F3D14E4657800CAFCBE /* tv_button_previous@2x.png */,
				D7D18F4414E4663200CAFCBE /* tv_button_next-highlighted.png */,
				D7D18F5014E52E1500CAFCBE /* navbar_title.png */,
				D7D18F5114E52E1500CAFCBE /* navbar_title@2x.png */,
				D7D18F4C14E52BB900CAFCBE /* navbar_background.png */,
				D7D18F5414E53ABB00CAFCBE /* section_header_background.png */,
				D7D18F5514E53ABB00CAFCBE /* section_header_background@2x.png */,
				D7D18F4D14E52BB900CAFCBE /* navbar_background@2x.png */,
				D7D18F4514E4663200CAFCBE /* tv_button_next-highlighted@2x.png */,
				D7D18F4614E4663200CAFCBE /* tv_button_previous-highlighted.png */,
				D7D18F4714E4663200CAFCBE /* tv_button_previous-highlighted@2x.png */,
				D7D18F3E14E4657800CAFCBE /* tv_button_next.png */,
				D7D18F3F14E4657800CAFCBE /* tv_button_next@2x.png */,
				D7D18F3914E463C600CAFCBE /* wood@2x.png */,
				D7D18F2E14E44B6100CAFCBE /* ep_number_back.png */,
				D7D18F9D14E68D2F00CAFCBE /* checkbox-checked.png */,
				D7D18F9E14E68D2F00CAFCBE /* checkbox-checked@2x.png */,
				D7D18F9F14E68D2F00CAFCBE /* checkbox-unchecked.png */,
				D7D18FA014E68D2F00CAFCBE /* checkbox-unchecked@2x.png */,
				D7666ADE14E6EF370088F672 /* play.png */,
				D7666ADF14E6EF370088F672 /* play@2x.png */,
				D7D18F3414E4524B00CAFCBE /* television.png */,
				D7D18F3614E45E9200CAFCBE /* television@2x.png */,
				D7D18F2F14E44B6100CAFCBE /* ep_number_back@2x.png */,
			);
			name = Images;
			sourceTree = "<group>";
		};
		D7D18F5F14E5811600CAFCBE /* Libraries */ = {
			isa = PBXGroup;
			children = (
				D7D18F6014E5816500CAFCBE /* AFNetworking */,
			);
			name = Libraries;
			sourceTree = "<group>";
		};
		D7D18F6014E5816500CAFCBE /* AFNetworking */ = {
			isa = PBXGroup;
			children = (
				D7D18F6114E5816500CAFCBE /* AFHTTPClient.h */,
				D7D18F6214E5816500CAFCBE /* AFHTTPClient.m */,
				D7D18F6314E5816500CAFCBE /* AFHTTPRequestOperation.h */,
				D7D18F6414E5816500CAFCBE /* AFHTTPRequestOperation.m */,
				D7D18F6514E5816500CAFCBE /* AFImageCache.h */,
				D7D18F6614E5816500CAFCBE /* AFImageCache.m */,
				D7D18F6714E5816500CAFCBE /* AFImageRequestOperation.h */,
				D7D18F6814E5816500CAFCBE /* AFImageRequestOperation.m */,
				D7D18F6914E5816500CAFCBE /* AFJSONRequestOperation.h */,
				D7D18F6A14E5816500CAFCBE /* AFJSONRequestOperation.m */,
				D7D18F6B14E5816500CAFCBE /* AFJSONUtilities.h */,
				D7D18F6C14E5816500CAFCBE /* AFNetworkActivityIndicatorManager.h */,
				D7D18F6D14E5816500CAFCBE /* AFNetworkActivityIndicatorManager.m */,
				D7D18F6E14E5816500CAFCBE /* AFNetworking.h */,
				D7D18F6F14E5816500CAFCBE /* AFPropertyListRequestOperation.h */,
				D7D18F7014E5816500CAFCBE /* AFPropertyListRequestOperation.m */,
				D7D18F7114E5816500CAFCBE /* AFURLConnectionOperation.h */,
				D7D18F7214E5816500CAFCBE /* AFURLConnectionOperation.m */,
				D7D18F7314E5816500CAFCBE /* AFXMLRequestOperation.h */,
				D7D18F7414E5816500CAFCBE /* AFXMLRequestOperation.m */,
				D7D18F7514E5816500CAFCBE /* UIImageView+AFNetworking.h */,
				D7D18F7614E5816500CAFCBE /* UIImageView+AFNetworking.m */,
			);
			path = AFNetworking;
			sourceTree = "<group>";
		};
		D7D18F8414E5E87800CAFCBE /* Helpers */ = {
			isa = PBXGroup;
			children = (
				D7D18F8514E5E89B00CAFCBE /* UIView+SelfFromNib.h */,
				D7D18F8614E5E89B00CAFCBE /* UIView+SelfFromNib.m */,
				D7D18F9914E682A400CAFCBE /* NSDate+StringValue.h */,
				D7D18F9A14E682A400CAFCBE /* NSDate+StringValue.m */,
			);
			name = Helpers;
			sourceTree = "<group>";
		};
/* End PBXGroup section */

/* Begin PBXNativeTarget section */
		D718289A14E30EF700B2242F /* FlyingCircus */ = {
			isa = PBXNativeTarget;
			buildConfigurationList = D71828C414E30EF800B2242F /* Build configuration list for PBXNativeTarget "FlyingCircus" */;
			buildPhases = (
				D718289714E30EF700B2242F /* Sources */,
				D718289814E30EF700B2242F /* Frameworks */,
				D718289914E30EF700B2242F /* Resources */,
			);
			buildRules = (
			);
			dependencies = (
			);
			name = FlyingCircus;
			productName = FlyingCircus;
			productReference = D718289B14E30EF700B2242F /* FlyingCircus.app */;
			productType = "com.apple.product-type.application";
		};
/* End PBXNativeTarget section */

/* Begin PBXProject section */
		D718289214E30EF700B2242F /* Project object */ = {
			isa = PBXProject;
			attributes = {
				LastUpgradeCheck = 0420;
				ORGANIZATIONNAME = "Università degli studi di Padova";
			};
			buildConfigurationList = D718289514E30EF700B2242F /* Build configuration list for PBXProject "FlyingCircus" */;
			compatibilityVersion = "Xcode 3.2";
			developmentRegion = English;
			hasScannedForEncodings = 0;
			knownRegions = (
				en,
			);
			mainGroup = D718289014E30EF700B2242F;
			productRefGroup = D718289C14E30EF700B2242F /* Products */;
			projectDirPath = "";
			projectRoot = "";
			targets = (
				D718289A14E30EF700B2242F /* FlyingCircus */,
			);
		};
/* End PBXProject section */

/* Begin PBXResourcesBuildPhase section */
		D718289914E30EF700B2242F /* Resources */ = {
			isa = PBXResourcesBuildPhase;
			buildActionMask = 2147483647;
			files = (
				D71828AC14E30EF700B2242F /* InfoPlist.strings in Resources */,
				D71828BE14E30EF800B2242F /* MasterViewController.xib in Resources */,
				D71828C114E30EF800B2242F /* EpisodeViewController.xib in Resources */,
				D7D18F2114E430B100CAFCBE /* AlikeAngular-Regular.ttf in Resources */,
				D7D18F2714E4347B00CAFCBE /* cell_background.png in Resources */,
				D7D18F2814E4347B00CAFCBE /* cell_background@2x.png in Resources */,
				D7D18F2D14E43A1B00CAFCBE /* Ewert-Regular.ttf in Resources */,
				D7D18F3014E44B6100CAFCBE /* ep_number_back.png in Resources */,
				D7D18F3114E44B6100CAFCBE /* ep_number_back@2x.png in Resources */,
				D7D18F3514E4524B00CAFCBE /* television.png in Resources */,
				D7D18F3714E45E9200CAFCBE /* television@2x.png in Resources */,
				D7D18F3A14E463C600CAFCBE /* wood.png in Resources */,
				D7D18F3B14E463C600CAFCBE /* wood@2x.png in Resources */,
				D7D18F4014E4657800CAFCBE /* tv_button_previous.png in Resources */,
				D7D18F4114E4657800CAFCBE /* tv_button_previous@2x.png in Resources */,
				D7D18F4214E4657800CAFCBE /* tv_button_next.png in Resources */,
				D7D18F4314E4657800CAFCBE /* tv_button_next@2x.png in Resources */,
				D7D18F4814E4663200CAFCBE /* tv_button_next-highlighted.png in Resources */,
				D7D18F4914E4663200CAFCBE /* tv_button_next-highlighted@2x.png in Resources */,
				D7D18F4A14E4663200CAFCBE /* tv_button_previous-highlighted.png in Resources */,
				D7D18F4B14E4663200CAFCBE /* tv_button_previous-highlighted@2x.png in Resources */,
				D7D18F4E14E52BB900CAFCBE /* navbar_background.png in Resources */,
				D7D18F4F14E52BB900CAFCBE /* navbar_background@2x.png in Resources */,
				D7D18F5214E52E1500CAFCBE /* navbar_title.png in Resources */,
				D7D18F5314E52E1500CAFCBE /* navbar_title@2x.png in Resources */,
				D7D18F5614E53ABB00CAFCBE /* section_header_background.png in Resources */,
				D7D18F5714E53ABB00CAFCBE /* section_header_background@2x.png in Resources */,
				D7D18F8314E58FA200CAFCBE /* EpisodeTableViewCell.xib in Resources */,
				D7D18F9014E5F67300CAFCBE /* back_button.png in Resources */,
				D7D18F9114E5F67300CAFCBE /* back_button-highlighted.png in Resources */,
				D7D18F9214E5F67300CAFCBE /* back_button-highlighted@2x.png in Resources */,
				D7D18F9314E5F67300CAFCBE /* back_button@2x.png in Resources */,
				D7D18FA114E68D2F00CAFCBE /* checkbox-checked.png in Resources */,
				D7D18FA214E68D2F00CAFCBE /* checkbox-checked@2x.png in Resources */,
				D7D18FA314E68D2F00CAFCBE /* checkbox-unchecked.png in Resources */,
				D7D18FA414E68D2F00CAFCBE /* checkbox-unchecked@2x.png in Resources */,
				D7666AE014E6EF370088F672 /* play.png in Resources */,
				D7666AE114E6EF370088F672 /* play@2x.png in Resources */,
			);
			runOnlyForDeploymentPostprocessing = 0;
		};
/* End PBXResourcesBuildPhase section */

/* Begin PBXSourcesBuildPhase section */
		D718289714E30EF700B2242F /* Sources */ = {
			isa = PBXSourcesBuildPhase;
			buildActionMask = 2147483647;
			files = (
				D71828AE14E30EF700B2242F /* main.m in Sources */,
				D71828B214E30EF800B2242F /* AppDelegate.m in Sources */,
				D71828B814E30EF800B2242F /* MasterViewController.m in Sources */,
				D71828BB14E30EF800B2242F /* EpisodeViewController.m in Sources */,
				D71828D214E30F5500B2242F /* Seeder.m in Sources */,
				D71828DB14E3C8D900B2242F /* PartView.m in Sources */,
				D7D18F1314E3D3FB00CAFCBE /* FlyingCircus.xcdatamodeld in Sources */,
				D7D18F1614E4106300CAFCBE /* Season.m in Sources */,
				D7D18F1C14E4106300CAFCBE /* Part.m in Sources */,
				D7D18F1F14E4154700CAFCBE /* EpisodeTableViewCell.m in Sources */,
				D7D18F2B14E439D300CAFCBE /* SeasonHeaderView.m in Sources */,
				D7D18F7714E5816500CAFCBE /* AFHTTPClient.m in Sources */,
				D7D18F7814E5816500CAFCBE /* AFHTTPRequestOperation.m in Sources */,
				D7D18F7914E5816500CAFCBE /* AFImageCache.m in Sources */,
				D7D18F7A14E5816500CAFCBE /* AFImageRequestOperation.m in Sources */,
				D7D18F7B14E5816500CAFCBE /* AFJSONRequestOperation.m in Sources */,
				D7D18F7C14E5816500CAFCBE /* AFNetworkActivityIndicatorManager.m in Sources */,
				D7D18F7D14E5816500CAFCBE /* AFPropertyListRequestOperation.m in Sources */,
				D7D18F7E14E5816500CAFCBE /* AFURLConnectionOperation.m in Sources */,
				D7D18F7F14E5816500CAFCBE /* AFXMLRequestOperation.m in Sources */,
				D7D18F8014E5816500CAFCBE /* UIImageView+AFNetworking.m in Sources */,
				D7D18F8714E5E89B00CAFCBE /* UIView+SelfFromNib.m in Sources */,
				D7D18F9B14E682A400CAFCBE /* NSDate+StringValue.m in Sources */,
				D7666ADD14E6EBFA0088F672 /* Episode.m in Sources */,
			);
			runOnlyForDeploymentPostprocessing = 0;
		};
/* End PBXSourcesBuildPhase section */

/* Begin PBXVariantGroup section */
		D71828AA14E30EF700B2242F /* InfoPlist.strings */ = {
			isa = PBXVariantGroup;
			children = (
				D71828AB14E30EF700B2242F /* en */,
			);
			name = InfoPlist.strings;
			sourceTree = "<group>";
		};
		D71828BC14E30EF800B2242F /* MasterViewController.xib */ = {
			isa = PBXVariantGroup;
			children = (
				D71828BD14E30EF800B2242F /* en */,
			);
			name = MasterViewController.xib;
			path = FlyingCircus;
			sourceTree = "<group>";
		};
		D71828BF14E30EF800B2242F /* EpisodeViewController.xib */ = {
			isa = PBXVariantGroup;
			children = (
				D71828C014E30EF800B2242F /* en */,
			);
			name = EpisodeViewController.xib;
			path = FlyingCircus;
			sourceTree = "<group>";
		};
/* End PBXVariantGroup section */

/* Begin XCBuildConfiguration section */
		D71828C214E30EF800B2242F /* Debug */ = {
			isa = XCBuildConfiguration;
			buildSettings = {
				ALWAYS_SEARCH_USER_PATHS = NO;
				ARCHS = (
					armv6,
					armv7,
				);
				CLANG_ENABLE_OBJC_ARC = YES;
				CODE_SIGN_IDENTITY = "iPhone Developer: Nicola Miotto (458RFQE64U)";
				"CODE_SIGN_IDENTITY[sdk=iphoneos*]" = "iPhone Developer: Nicola Miotto (458RFQE64U)";
				COPY_PHASE_STRIP = NO;
				GCC_C_LANGUAGE_STANDARD = gnu99;
				GCC_DYNAMIC_NO_PIC = NO;
				GCC_OPTIMIZATION_LEVEL = 0;
				GCC_PREPROCESSOR_DEFINITIONS = (
					"DEBUG=1",
					"$(inherited)",
				);
				GCC_SYMBOLS_PRIVATE_EXTERN = NO;
				GCC_VERSION = com.apple.compilers.llvm.clang.1_0;
				GCC_WARN_ABOUT_MISSING_PROTOTYPES = YES;
				GCC_WARN_ABOUT_RETURN_TYPE = YES;
				GCC_WARN_UNUSED_VARIABLE = YES;
				IPHONEOS_DEPLOYMENT_TARGET = 4.0;
				PROVISIONING_PROFILE = "816EA8F8-9946-4EAE-8E74-5CEBBF115DA9";
				"PROVISIONING_PROFILE[sdk=iphoneos*]" = "816EA8F8-9946-4EAE-8E74-5CEBBF115DA9";
				SDKROOT = iphoneos;
			};
			name = Debug;
		};
		D71828C314E30EF800B2242F /* Release */ = {
			isa = XCBuildConfiguration;
			buildSettings = {
				ALWAYS_SEARCH_USER_PATHS = NO;
				ARCHS = (
					armv6,
					armv7,
				);
				CLANG_ENABLE_OBJC_ARC = YES;
				CODE_SIGN_IDENTITY = "iPhone Developer: Nicola Miotto (458RFQE64U)";
				"CODE_SIGN_IDENTITY[sdk=iphoneos*]" = "iPhone Developer: Nicola Miotto (458RFQE64U)";
				COPY_PHASE_STRIP = YES;
				GCC_C_LANGUAGE_STANDARD = gnu99;
				GCC_VERSION = com.apple.compilers.llvm.clang.1_0;
				GCC_WARN_ABOUT_MISSING_PROTOTYPES = YES;
				GCC_WARN_ABOUT_RETURN_TYPE = YES;
				GCC_WARN_UNUSED_VARIABLE = YES;
				IPHONEOS_DEPLOYMENT_TARGET = 4.0;
				OTHER_CFLAGS = "-DNS_BLOCK_ASSERTIONS=1";
				PROVISIONING_PROFILE = "816EA8F8-9946-4EAE-8E74-5CEBBF115DA9";
				"PROVISIONING_PROFILE[sdk=iphoneos*]" = "816EA8F8-9946-4EAE-8E74-5CEBBF115DA9";
				SDKROOT = iphoneos;
				VALIDATE_PRODUCT = YES;
			};
			name = Release;
		};
		D71828C514E30EF800B2242F /* Debug */ = {
			isa = XCBuildConfiguration;
			buildSettings = {
				GCC_PRECOMPILE_PREFIX_HEADER = YES;
				GCC_PREFIX_HEADER = "FlyingCircus/FlyingCircus-Prefix.pch";
				INFOPLIST_FILE = "FlyingCircus/FlyingCircus-Info.plist";
				PRODUCT_NAME = "$(TARGET_NAME)";
				WRAPPER_EXTENSION = app;
			};
			name = Debug;
		};
		D71828C614E30EF800B2242F /* Release */ = {
			isa = XCBuildConfiguration;
			buildSettings = {
				GCC_PRECOMPILE_PREFIX_HEADER = YES;
				GCC_PREFIX_HEADER = "FlyingCircus/FlyingCircus-Prefix.pch";
				INFOPLIST_FILE = "FlyingCircus/FlyingCircus-Info.plist";
				PRODUCT_NAME = "$(TARGET_NAME)";
				WRAPPER_EXTENSION = app;
			};
			name = Release;
		};
/* End XCBuildConfiguration section */

/* Begin XCConfigurationList section */
		D718289514E30EF700B2242F /* Build configuration list for PBXProject "FlyingCircus" */ = {
			isa = XCConfigurationList;
			buildConfigurations = (
				D71828C214E30EF800B2242F /* Debug */,
				D71828C314E30EF800B2242F /* Release */,
			);
			defaultConfigurationIsVisible = 0;
			defaultConfigurationName = Release;
		};
		D71828C414E30EF800B2242F /* Build configuration list for PBXNativeTarget "FlyingCircus" */ = {
			isa = XCConfigurationList;
			buildConfigurations = (
				D71828C514E30EF800B2242F /* Debug */,
				D71828C614E30EF800B2242F /* Release */,
			);
			defaultConfigurationIsVisible = 0;
			defaultConfigurationName = Release;
		};
/* End XCConfigurationList section */

/* Begin XCVersionGroup section */
		D7D18F1114E3D3FB00CAFCBE /* FlyingCircus.xcdatamodeld */ = {
			isa = XCVersionGroup;
			children = (
				D7D18F1214E3D3FB00CAFCBE /* FlyingCircus.xcdatamodel */,
			);
			currentVersion = D7D18F1214E3D3FB00CAFCBE /* FlyingCircus.xcdatamodel */;
			path = FlyingCircus.xcdatamodeld;
			sourceTree = "<group>";
			versionGroupType = wrapper.xcdatamodel;
		};
/* End XCVersionGroup section */
	};
	rootObject = D718289214E30EF700B2242F /* Project object */;
}
